PODS:
  - BigInt (5.2.0)
  - CryptoSwift (1.4.2)
  - PromiseKit (6.15.3):
    - PromiseKit/CorePromise (= 6.15.3)
    - PromiseKit/Foundation (= 6.15.3)
    - PromiseKit/UIKit (= 6.15.3)
  - PromiseKit/CorePromise (6.15.3)
  - PromiseKit/Foundation (6.15.3):
    - PromiseKit/CorePromise
  - PromiseKit/UIKit (6.15.3):
    - PromiseKit/CorePromise
  - secp256k1.c (0.1.2)
  - Starscream (4.0.4)
  - web3swift (2.3.0):
    - BigInt (~> 5.2)
    - CryptoSwift (~> 1.4.0)
    - PromiseKit (~> 6.15.3)
    - secp256k1.c (~> 0.1)
    - Starscream (~> 4.0.4)

DEPENDENCIES:
  - web3swift (from `../../`)

SPEC REPOS:
  https://github.com/CocoaPods/Specs:
    - BigInt
    - CryptoSwift
    - PromiseKit
    - secp256k1.c
    - Starscream

EXTERNAL SOURCES:
  web3swift:
    :path: "../../"

SPEC CHECKSUMS:
  BigInt: f668a80089607f521586bbe29513d708491ef2f7
  CryptoSwift: a532e74ed010f8c95f611d00b8bbae42e9fe7c17
  PromiseKit: 3b2b6995e51a954c46dbc550ce3da44fbfb563c5
  secp256k1.c: db47b726585d80f027423682eb369729e61b3b20
  Starscream: 5178aed56b316f13fa3bc55694e583d35dd414d9
  web3swift: dcc8da6f0944a062faa381869ce64114ddb5f8d3

PODFILE CHECKSUM: f8f601956d8159726efe20ba4f6416842bcd191d

COCOAPODS: 1.11.0
