PODS:
  - Alamofire (4.6.0)
  - AwaitKit (3.0.1):
    - PromiseKit (~> 4.2)
  - BigInt (3.0.1):
    - SipHash (~> 1.2)
  - CryptoSwift (0.8.0)
  - libsodium (1.0.12)
  - PromiseKit (4.5.0):
    - PromiseKit/Foundation (= 4.5.0)
    - PromiseKit/QuartzCore (= 4.5.0)
    - PromiseKit/UIKit (= 4.5.0)
  - PromiseKit/Alamofire (4.5.0):
    - Alamofire (~> 4.0)
    - PromiseKit/CorePromise
  - PromiseKit/CorePromise (4.5.0)
  - PromiseKit/Foundation (4.5.0):
    - PromiseKit/CorePromise
  - PromiseKit/QuartzCore (4.5.0):
    - PromiseKit/CorePromise
  - PromiseKit/UIKit (4.5.0):
    - PromiseKit/CorePromise
  - SipHash (1.2.0)
  - Sodium (0.6)

DEPENDENCIES:
  - Alamofire (~> 4.5)
  - AwaitKit (~> 3.0.1)
  - BigInt (~> 3.0.1)
  - CryptoSwift
  - libsodium
  - PromiseKit (~> 4.4)
  - PromiseKit/Alamofire (~> 4.0)
  - Sodium

SPEC CHECKSUMS:
  Alamofire: f41a599bd63041760b26d393ec1069d9d7b917f4
  AwaitKit: daf1af84544413a8dfadb4fc25d8b0f9706e5c83
  BigInt: 8e8a52161c745cd3ab78e3dc346a9fbee51e6cf6
  CryptoSwift: f81907430ebbe38b8404b4f6fb40f3c576a8755f
  libsodium: 9a8faa5ef2fa0d2d57bd7f7d79bf8fb7c1a9f0ea
  PromiseKit: 9c1d9f6d7b65e3951a90bea7f407c56972be5d8e
  SipHash: c6e9e43e9c531b5bc6602545130c26194a6d31ce
  Sodium: bf524b0a3d5ad6870dcf343205cca7e659c15ad5

PODFILE CHECKSUM: 646d35c61c427c6244540da82e9a244e99954006

COCOAPODS: 1.3.1
