PODS:
  - BigInt (3.1.0):
    - SipHash (~> 1.2)
  - CryptoSwift (0.15.0)
  - EthereumABI (1.1.1):
    - BigInt (~> 3.1)
    - CryptoSwift (~> 0.13)
    - EthereumAddress (~> 1.0.0)
  - EthereumAddress (1.0.0):
    - CryptoSwift (~> 0.13)
  - PromiseKit (6.4.1):
    - PromiseKit/CorePromise (= 6.4.1)
    - PromiseKit/Foundation (= 6.4.1)
    - PromiseKit/UIKit (= 6.4.1)
  - PromiseKit/CorePromise (6.4.1)
  - PromiseKit/Foundation (6.4.1):
    - PromiseKit/CorePromise
  - PromiseKit/UIKit (6.4.1):
    - PromiseKit/CorePromise
  - secp256k1_swift (1.0.3)
  - SipHash (1.2.2)
  - Starscream (3.1.0)
  - SwiftRLP (1.1):
    - BigInt (~> 3.1)

DEPENDENCIES:
  - BigInt (= 3.1)
  - CryptoSwift (= 0.15.0)
  - EthereumABI (= 1.1.1)
  - EthereumAddress (= 1.0.0)
  - PromiseKit (= 6.4.1)
  - secp256k1_swift (= 1.0.3)
  - Starscream (= 3.1.0)
  - SwiftRLP (= 1.1)

SPEC REPOS:
  https://github.com/cocoapods/specs.git:
    - BigInt
    - CryptoSwift
    - EthereumABI
    - EthereumAddress
    - PromiseKit
    - secp256k1_swift
    - SipHash
    - Starscream
    - SwiftRLP

SPEC CHECKSUMS:
  BigInt: 76b5dfdfa3e2e478d4ffdf161aeede5502e2742f
  CryptoSwift: 769f58a9e89f64e8796c2e59ce5f002dc81a2438
  EthereumABI: f040f5429e5a4366d028c88b88d9441e137593af
  EthereumAddress: f476e1320dca3a0024431e713ede7a09c7eb7796
  PromiseKit: 4c76a6506638034e3d7bede97b2ff7743f7bd2dc
  secp256k1_swift: 4fc5c4b2d2c6d21ee8ccb868cdc92da12f38bed9
  SipHash: fad90a4683e420c52ef28063063dbbce248ea6d4
  Starscream: 08172b481e145289c4930cb567230fb55897cfa4
  SwiftRLP: 5512899925f1a9e1c78c902ed3bf857880e814a0

PODFILE CHECKSUM: 429b4775205f039533979812eac3d89270bb42cf

COCOAPODS: 1.6.1
