// !$*UTF8*$!
{
	archiveVersion = 1;
	classes = {
	};
	objectVersion = 55;
	objects = {

/* Begin PBXBuildFile section */
		6F500AA2280B97B200125F28 /* ABIDecoding.swift in Sources */ = {isa = PBXBuildFile; fileRef = 6F500A04280B97B200125F28 /* ABIDecoding.swift */; };
		6F500AA3280B97B200125F28 /* ABIElements.swift in Sources */ = {isa = PBXBuildFile; fileRef = 6F500A05280B97B200125F28 /* ABIElements.swift */; };
		6F500AA4280B97B200125F28 /* ABITypeParser.swift in Sources */ = {isa = PBXBuildFile; fileRef = 6F500A06280B97B200125F28 /* ABITypeParser.swift */; };
		6F500AA5280B97B200125F28 /* ABIParameterTypes.swift in Sources */ = {isa = PBXBuildFile; fileRef = 6F500A07280B97B200125F28 /* ABIParameterTypes.swift */; };
		6F500AA6280B97B200125F28 /* ABI.swift in Sources */ = {isa = PBXBuildFile; fileRef = 6F500A08280B97B200125F28 /* ABI.swift */; };
		6F500AA7280B97B200125F28 /* ABIEncoding.swift in Sources */ = {isa = PBXBuildFile; fileRef = 6F500A09280B97B200125F28 /* ABIEncoding.swift */; };
		6F500AA8280B97B200125F28 /* ABIParsing.swift in Sources */ = {isa = PBXBuildFile; fileRef = 6F500A0A280B97B200125F28 /* ABIParsing.swift */; };
		6F500AA9280B97B200125F28 /* BloomFilter.swift in Sources */ = {isa = PBXBuildFile; fileRef = 6F500A0C280B97B200125F28 /* BloomFilter.swift */; };
		6F500AAA280B97B200125F28 /* LegacyEnvelope.swift in Sources */ = {isa = PBXBuildFile; fileRef = 6F500A0D280B97B200125F28 /* LegacyEnvelope.swift */; };
		6F500AAB280B97B200125F28 /* AbstractEnvelope.swift in Sources */ = {isa = PBXBuildFile; fileRef = 6F500A0E280B97B200125F28 /* AbstractEnvelope.swift */; };
		6F500AAC280B97B200125F28 /* EIP2718Envelope.swift in Sources */ = {isa = PBXBuildFile; fileRef = 6F500A0F280B97B200125F28 /* EIP2718Envelope.swift */; };
		6F500AAD280B97B200125F28 /* EthereumParameters.swift in Sources */ = {isa = PBXBuildFile; fileRef = 6F500A10280B97B200125F28 /* EthereumParameters.swift */; };
		6F500AAE280B97B200125F28 /* EnvelopeFactory.swift in Sources */ = {isa = PBXBuildFile; fileRef = 6F500A11280B97B200125F28 /* EnvelopeFactory.swift */; };
		6F500AAF280B97B200125F28 /* EthereumTransaction.swift in Sources */ = {isa = PBXBuildFile; fileRef = 6F500A12280B97B200125F28 /* EthereumTransaction.swift */; };
		6F500AB0280B97B200125F28 /* EIP2930Envelope.swift in Sources */ = {isa = PBXBuildFile; fileRef = 6F500A13280B97B200125F28 /* EIP2930Envelope.swift */; };
		6F500AB1280B97B200125F28 /* EIP1559Envelope.swift in Sources */ = {isa = PBXBuildFile; fileRef = 6F500A14280B97B200125F28 /* EIP1559Envelope.swift */; };
		6F500AB2280B97B200125F28 /* EventFiltering.swift in Sources */ = {isa = PBXBuildFile; fileRef = 6F500A16280B97B200125F28 /* EventFiltering.swift */; };
		6F500AB3280B97B200125F28 /* ComparisonExtensions.swift in Sources */ = {isa = PBXBuildFile; fileRef = 6F500A17280B97B200125F28 /* ComparisonExtensions.swift */; };
		6F500AB4280B97B200125F28 /* EthereumFilterEncodingExtensions.swift in Sources */ = {isa = PBXBuildFile; fileRef = 6F500A18280B97B200125F28 /* EthereumFilterEncodingExtensions.swift */; };
		6F500AB5280B97B200125F28 /* EthereumContract.swift in Sources */ = {isa = PBXBuildFile; fileRef = 6F500A19280B97B200125F28 /* EthereumContract.swift */; };
		6F500AB6280B97B200125F28 /* ContractProtocol.swift in Sources */ = {isa = PBXBuildFile; fileRef = 6F500A1A280B97B200125F28 /* ContractProtocol.swift */; };
		6F500AB7280B97B200125F28 /* RLP.swift in Sources */ = {isa = PBXBuildFile; fileRef = 6F500A1C280B97B200125F28 /* RLP.swift */; };
		6F500AB8280B97B200125F28 /* Web3+HttpProvider.swift in Sources */ = {isa = PBXBuildFile; fileRef = 6F500A1E280B97B200125F28 /* Web3+HttpProvider.swift */; };
		6F500AB9280B97B200125F28 /* Web3.swift in Sources */ = {isa = PBXBuildFile; fileRef = 6F500A1F280B97B200125F28 /* Web3.swift */; };
		6F500ABA280B97B200125F28 /* Web3+InfuraProviders.swift in Sources */ = {isa = PBXBuildFile; fileRef = 6F500A20280B97B200125F28 /* Web3+InfuraProviders.swift */; };
		6F500ABB280B97B200125F28 /* Web3+Personal.swift in Sources */ = {isa = PBXBuildFile; fileRef = 6F500A21280B97B200125F28 /* Web3+Personal.swift */; };
		6F500ABC280B97B200125F28 /* Web3+Constants.swift in Sources */ = {isa = PBXBuildFile; fileRef = 6F500A22280B97B200125F28 /* Web3+Constants.swift */; };
		6F500ABD280B97B200125F28 /* Web3+Eventloop.swift in Sources */ = {isa = PBXBuildFile; fileRef = 6F500A23280B97B200125F28 /* Web3+Eventloop.swift */; };
		6F500ABE280B97B200125F28 /* Web3+Eth+Websocket.swift in Sources */ = {isa = PBXBuildFile; fileRef = 6F500A24280B97B200125F28 /* Web3+Eth+Websocket.swift */; };
		6F500ABF280B97B200125F28 /* Web3+Utils.swift in Sources */ = {isa = PBXBuildFile; fileRef = 6F500A25280B97B200125F28 /* Web3+Utils.swift */; };
		6F500AC0280B97B200125F28 /* Web3+MutatingTransaction.swift in Sources */ = {isa = PBXBuildFile; fileRef = 6F500A26280B97B200125F28 /* Web3+MutatingTransaction.swift */; };
		6F500AC1280B97B200125F28 /* Web3+GasOracle.swift in Sources */ = {isa = PBXBuildFile; fileRef = 6F500A27280B97B200125F28 /* Web3+GasOracle.swift */; };
		6F500AC2280B97B200125F28 /* Web3+JSONRPC.swift in Sources */ = {isa = PBXBuildFile; fileRef = 6F500A28280B97B200125F28 /* Web3+JSONRPC.swift */; };
		6F500AC3280B97B200125F28 /* Web3+Instance.swift in Sources */ = {isa = PBXBuildFile; fileRef = 6F500A29280B97B200125F28 /* Web3+Instance.swift */; };
		6F500AC4280B97B200125F28 /* Web3+EIP1559.swift in Sources */ = {isa = PBXBuildFile; fileRef = 6F500A2A280B97B200125F28 /* Web3+EIP1559.swift */; };
		6F500AC5280B97B200125F28 /* Web3+Contract.swift in Sources */ = {isa = PBXBuildFile; fileRef = 6F500A2B280B97B200125F28 /* Web3+Contract.swift */; };
		6F500AC6280B97B200125F28 /* Web3+EventParser.swift in Sources */ = {isa = PBXBuildFile; fileRef = 6F500A2C280B97B200125F28 /* Web3+EventParser.swift */; };
		6F500AC7280B97B200125F28 /* Web3+ReadingTransaction.swift in Sources */ = {isa = PBXBuildFile; fileRef = 6F500A2D280B97B200125F28 /* Web3+ReadingTransaction.swift */; };
		6F500AC8280B97B200125F28 /* Web3+Protocols.swift in Sources */ = {isa = PBXBuildFile; fileRef = 6F500A2E280B97B200125F28 /* Web3+Protocols.swift */; };
		6F500AC9280B97B200125F28 /* Web3+WebsocketProvider.swift in Sources */ = {isa = PBXBuildFile; fileRef = 6F500A2F280B97B200125F28 /* Web3+WebsocketProvider.swift */; };
		6F500ACA280B97B200125F28 /* Web3+Methods.swift in Sources */ = {isa = PBXBuildFile; fileRef = 6F500A30280B97B200125F28 /* Web3+Methods.swift */; };
		6F500ACB280B97B200125F28 /* Web3+Signing.swift in Sources */ = {isa = PBXBuildFile; fileRef = 6F500A31280B97B200125F28 /* Web3+Signing.swift */; };
		6F500ACC280B97B200125F28 /* Web3+Eth.swift in Sources */ = {isa = PBXBuildFile; fileRef = 6F500A32280B97B200125F28 /* Web3+Eth.swift */; };
		6F500ACD280B97B200125F28 /* Web3+TxPool.swift in Sources */ = {isa = PBXBuildFile; fileRef = 6F500A33280B97B200125F28 /* Web3+TxPool.swift */; };
		6F500ACE280B97B200125F28 /* Web3+Structures.swift in Sources */ = {isa = PBXBuildFile; fileRef = 6F500A34280B97B200125F28 /* Web3+Structures.swift */; };
		6F500ACF280B97B200125F28 /* Web3+Options.swift in Sources */ = {isa = PBXBuildFile; fileRef = 6F500A35280B97B200125F28 /* Web3+Options.swift */; };
		6F500AD0280B97B200125F28 /* Extensions.swift in Sources */ = {isa = PBXBuildFile; fileRef = 6F500A37280B97B200125F28 /* Extensions.swift */; };
		6F500AD1280B97B200125F28 /* EthereumAddress.swift in Sources */ = {isa = PBXBuildFile; fileRef = 6F500A38280B97B200125F28 /* EthereumAddress.swift */; };
		6F500AD2280B97B200125F28 /* ENS.swift in Sources */ = {isa = PBXBuildFile; fileRef = 6F500A3B280B97B200125F28 /* ENS.swift */; };
		6F500AD3280B97B200125F28 /* PublicKey.swift in Sources */ = {isa = PBXBuildFile; fileRef = 6F500A3C280B97B200125F28 /* PublicKey.swift */; };
		6F500AD4280B97B200125F28 /* ENSReverseRegistrar.swift in Sources */ = {isa = PBXBuildFile; fileRef = 6F500A3D280B97B200125F28 /* ENSReverseRegistrar.swift */; };
		6F500AD5280B97B200125F28 /* ENSBaseRegistrar.swift in Sources */ = {isa = PBXBuildFile; fileRef = 6F500A3E280B97B200125F28 /* ENSBaseRegistrar.swift */; };
		6F500AD6280B97B200125F28 /* ETHRegistrarController.swift in Sources */ = {isa = PBXBuildFile; fileRef = 6F500A3F280B97B200125F28 /* ETHRegistrarController.swift */; };
		6F500AD7280B97B200125F28 /* NameHash.swift in Sources */ = {isa = PBXBuildFile; fileRef = 6F500A40280B97B200125F28 /* NameHash.swift */; };
		6F500AD8280B97B200125F28 /* ENSRegistry.swift in Sources */ = {isa = PBXBuildFile; fileRef = 6F500A41280B97B200125F28 /* ENSRegistry.swift */; };
		6F500AD9280B97B200125F28 /* ENSResolver.swift in Sources */ = {isa = PBXBuildFile; fileRef = 6F500A42280B97B200125F28 /* ENSResolver.swift */; };
		6F500ADA280B97B200125F28 /* NonceMiddleware.swift in Sources */ = {isa = PBXBuildFile; fileRef = 6F500A44280B97B200125F28 /* NonceMiddleware.swift */; };
		6F500ADB280B97B200125F28 /* EIP712.swift in Sources */ = {isa = PBXBuildFile; fileRef = 6F500A46280B97B200125F28 /* EIP712.swift */; };
		6F500ADC280B97B200125F28 /* EIP67Code.swift in Sources */ = {isa = PBXBuildFile; fileRef = 6F500A47280B97B200125F28 /* EIP67Code.swift */; };
		6F500ADD280B97B200125F28 /* EIP681.swift in Sources */ = {isa = PBXBuildFile; fileRef = 6F500A48280B97B200125F28 /* EIP681.swift */; };
		6F500ADE280B97B200125F28 /* Promise+Web3+Eth+GetBlockNumber.swift in Sources */ = {isa = PBXBuildFile; fileRef = 6F500A4A280B97B200125F28 /* Promise+Web3+Eth+GetBlockNumber.swift */; };
		6F500ADF280B97B200125F28 /* Promise+Web3+Personal+Sign.swift in Sources */ = {isa = PBXBuildFile; fileRef = 6F500A4B280B97B200125F28 /* Promise+Web3+Personal+Sign.swift */; };
		6F500AE0280B97B200125F28 /* Promise+Web3+Eth+GetGasPrice.swift in Sources */ = {isa = PBXBuildFile; fileRef = 6F500A4C280B97B200125F28 /* Promise+Web3+Eth+GetGasPrice.swift */; };
		6F500AE1280B97B200125F28 /* Promise+Web3+Eth+GetBlockByHash.swift in Sources */ = {isa = PBXBuildFile; fileRef = 6F500A4D280B97B200125F28 /* Promise+Web3+Eth+GetBlockByHash.swift */; };
		6F500AE2280B97B200125F28 /* Promise+Web3+Eth+GetTransactionDetails.swift in Sources */ = {isa = PBXBuildFile; fileRef = 6F500A4E280B97B200125F28 /* Promise+Web3+Eth+GetTransactionDetails.swift */; };
		6F500AE3280B97B200125F28 /* Promise+Web3+Eth+FeeHistory.swift in Sources */ = {isa = PBXBuildFile; fileRef = 6F500A4F280B97B200125F28 /* Promise+Web3+Eth+FeeHistory.swift */; };
		6F500AE4280B97B200125F28 /* Promise+Web3+Eth+SendTransaction.swift in Sources */ = {isa = PBXBuildFile; fileRef = 6F500A50280B97B200125F28 /* Promise+Web3+Eth+SendTransaction.swift */; };
		6F500AE5280B97B200125F28 /* Promise+Web3+Eth+GetBalance.swift in Sources */ = {isa = PBXBuildFile; fileRef = 6F500A51280B97B200125F28 /* Promise+Web3+Eth+GetBalance.swift */; };
		6F500AE6280B97B200125F28 /* Promise+Web3+Eth+GetTransactionReceipt.swift in Sources */ = {isa = PBXBuildFile; fileRef = 6F500A52280B97B200125F28 /* Promise+Web3+Eth+GetTransactionReceipt.swift */; };
		6F500AE7280B97B200125F28 /* Promise+Web3+Eth+EstimateGas.swift in Sources */ = {isa = PBXBuildFile; fileRef = 6F500A53280B97B200125F28 /* Promise+Web3+Eth+EstimateGas.swift */; };
		6F500AE8280B97B200125F28 /* Promise+Web3+Eth+GetCode.swift in Sources */ = {isa = PBXBuildFile; fileRef = 6F500A54280B97B200125F28 /* Promise+Web3+Eth+GetCode.swift */; };
		6F500AE9280B97B200125F28 /* Promise+Web3+Eth+GetBlockByNumber.swift in Sources */ = {isa = PBXBuildFile; fileRef = 6F500A55280B97B200125F28 /* Promise+Web3+Eth+GetBlockByNumber.swift */; };
		6F500AEA280B97B200125F28 /* Promise+Web3+Eth+SendRawTransaction.swift in Sources */ = {isa = PBXBuildFile; fileRef = 6F500A56280B97B200125F28 /* Promise+Web3+Eth+SendRawTransaction.swift */; };
		6F500AEB280B97B200125F28 /* Promise+Web3+Eth+GetTransactionCount.swift in Sources */ = {isa = PBXBuildFile; fileRef = 6F500A57280B97B200125F28 /* Promise+Web3+Eth+GetTransactionCount.swift */; };
		6F500AEC280B97B200125F28 /* Promise+Web3+TxPool.swift in Sources */ = {isa = PBXBuildFile; fileRef = 6F500A58280B97B200125F28 /* Promise+Web3+TxPool.swift */; };
		6F500AED280B97B200125F28 /* Promise+Web3+Eth+GetAccounts.swift in Sources */ = {isa = PBXBuildFile; fileRef = 6F500A59280B97B200125F28 /* Promise+Web3+Eth+GetAccounts.swift */; };
		6F500AEE280B97B200125F28 /* Promise+Web3+Personal+UnlockAccount.swift in Sources */ = {isa = PBXBuildFile; fileRef = 6F500A5A280B97B200125F28 /* Promise+Web3+Personal+UnlockAccount.swift */; };
		6F500AEF280B97B200125F28 /* Promise+Web3+Personal+CreateAccount.swift in Sources */ = {isa = PBXBuildFile; fileRef = 6F500A5B280B97B200125F28 /* Promise+Web3+Personal+CreateAccount.swift */; };
		6F500AF0280B97B200125F28 /* Promise+Web3+Eth+Call.swift in Sources */ = {isa = PBXBuildFile; fileRef = 6F500A5C280B97B200125F28 /* Promise+Web3+Eth+Call.swift */; };
		6F500AF1280B97B200125F28 /* Web3+Wallet.swift in Sources */ = {isa = PBXBuildFile; fileRef = 6F500A5E280B97B200125F28 /* Web3+Wallet.swift */; };
		6F500AF2280B97B200125F28 /* Web3+BrowserFunctions.swift in Sources */ = {isa = PBXBuildFile; fileRef = 6F500A5F280B97B200125F28 /* Web3+BrowserFunctions.swift */; };
		6F500AF3280B97B200125F28 /* Bridge.swift in Sources */ = {isa = PBXBuildFile; fileRef = 6F500A61280B97B200125F28 /* Bridge.swift */; };
		6F500AF4280B97B200125F28 /* wk.bridge.min.js in Resources */ = {isa = PBXBuildFile; fileRef = 6F500A62280B97B200125F28 /* wk.bridge.min.js */; };
		6F500AF5280B97B200125F28 /* BrowserViewController.swift in Sources */ = {isa = PBXBuildFile; fileRef = 6F500A63280B97B200125F28 /* BrowserViewController.swift */; };
		6F500AF6280B97B200125F28 /* browser.js in Resources */ = {isa = PBXBuildFile; fileRef = 6F500A64280B97B200125F28 /* browser.js */; };
		6F500AF7280B97B200125F28 /* browser.min.js in Resources */ = {isa = PBXBuildFile; fileRef = 6F500A65280B97B200125F28 /* browser.min.js */; };
		6F500AF8280B97B200125F28 /* KeystoreManager.swift in Sources */ = {isa = PBXBuildFile; fileRef = 6F500A67280B97B200125F28 /* KeystoreManager.swift */; };
		6F500AF9280B97B200125F28 /* IBAN.swift in Sources */ = {isa = PBXBuildFile; fileRef = 6F500A68280B97B200125F28 /* IBAN.swift */; };
		6F500AFA280B97B200125F28 /* BIP39.swift in Sources */ = {isa = PBXBuildFile; fileRef = 6F500A69280B97B200125F28 /* BIP39.swift */; };
		6F500AFB280B97B200125F28 /* BIP32HDNode.swift in Sources */ = {isa = PBXBuildFile; fileRef = 6F500A6A280B97B200125F28 /* BIP32HDNode.swift */; };
		6F500AFC280B97B200125F28 /* BIP39+WordLists.swift in Sources */ = {isa = PBXBuildFile; fileRef = 6F500A6B280B97B200125F28 /* BIP39+WordLists.swift */; };
		6F500AFD280B97B200125F28 /* BIP32Keystore.swift in Sources */ = {isa = PBXBuildFile; fileRef = 6F500A6C280B97B200125F28 /* BIP32Keystore.swift */; };
		6F500AFE280B97B200125F28 /* EthereumKeystoreV3.swift in Sources */ = {isa = PBXBuildFile; fileRef = 6F500A6D280B97B200125F28 /* EthereumKeystoreV3.swift */; };
		6F500AFF280B97B200125F28 /* PlainKeystore.swift in Sources */ = {isa = PBXBuildFile; fileRef = 6F500A6E280B97B200125F28 /* PlainKeystore.swift */; };
		6F500B00280B97B200125F28 /* AbstractKeystore.swift in Sources */ = {isa = PBXBuildFile; fileRef = 6F500A6F280B97B200125F28 /* AbstractKeystore.swift */; };
		6F500B01280B97B200125F28 /* PathAddressStorage.swift in Sources */ = {isa = PBXBuildFile; fileRef = 6F500A70280B97B200125F28 /* PathAddressStorage.swift */; };
		6F500B02280B97B200125F28 /* KeystoreParams.swift in Sources */ = {isa = PBXBuildFile; fileRef = 6F500A71280B97B200125F28 /* KeystoreParams.swift */; };
		6F500B03280B97B200125F28 /* RIPEMD160+StackOveflow.swift in Sources */ = {isa = PBXBuildFile; fileRef = 6F500A73280B97B200125F28 /* RIPEMD160+StackOveflow.swift */; };
		6F500B04280B97B200125F28 /* BigUInt+Extensions.swift in Sources */ = {isa = PBXBuildFile; fileRef = 6F500A74280B97B200125F28 /* BigUInt+Extensions.swift */; };
		6F500B05280B97B200125F28 /* Decodable+Extensions.swift in Sources */ = {isa = PBXBuildFile; fileRef = 6F500A75280B97B200125F28 /* Decodable+Extensions.swift */; };
		6F500B06280B97B200125F28 /* CryptoExtensions.swift in Sources */ = {isa = PBXBuildFile; fileRef = 6F500A76280B97B200125F28 /* CryptoExtensions.swift */; };
		6F500B07280B97B200125F28 /* Encodable+Extensions.swift in Sources */ = {isa = PBXBuildFile; fileRef = 6F500A77280B97B200125F28 /* Encodable+Extensions.swift */; };
		6F500B08280B97B200125F28 /* String+Extension.swift in Sources */ = {isa = PBXBuildFile; fileRef = 6F500A78280B97B200125F28 /* String+Extension.swift */; };
		6F500B09280B97B200125F28 /* NSRegularExpressionExtension.swift in Sources */ = {isa = PBXBuildFile; fileRef = 6F500A79280B97B200125F28 /* NSRegularExpressionExtension.swift */; };
		6F500B0A280B97B200125F28 /* SECP256k1.swift in Sources */ = {isa = PBXBuildFile; fileRef = 6F500A7A280B97B200125F28 /* SECP256k1.swift */; };
		6F500B0B280B97B200125F28 /* Dictionary+Extension.swift in Sources */ = {isa = PBXBuildFile; fileRef = 6F500A7B280B97B200125F28 /* Dictionary+Extension.swift */; };
		6F500B0C280B97B200125F28 /* Data+Extension.swift in Sources */ = {isa = PBXBuildFile; fileRef = 6F500A7C280B97B200125F28 /* Data+Extension.swift */; };
		6F500B0D280B97B200125F28 /* NativeTypesEncoding+Extensions.swift in Sources */ = {isa = PBXBuildFile; fileRef = 6F500A7D280B97B200125F28 /* NativeTypesEncoding+Extensions.swift */; };
		6F500B0E280B97B200125F28 /* Base58.swift in Sources */ = {isa = PBXBuildFile; fileRef = 6F500A7E280B97B200125F28 /* Base58.swift */; };
		6F500B0F280B97B200125F28 /* Array+Extension.swift in Sources */ = {isa = PBXBuildFile; fileRef = 6F500A7F280B97B200125F28 /* Array+Extension.swift */; };
		6F500B10280B97B200125F28 /* Web3+ERC820.swift in Sources */ = {isa = PBXBuildFile; fileRef = 6F500A82280B97B200125F28 /* Web3+ERC820.swift */; };
		6F500B11280B97B200125F28 /* Web3+ERC721x.swift in Sources */ = {isa = PBXBuildFile; fileRef = 6F500A84280B97B200125F28 /* Web3+ERC721x.swift */; };
		6F500B12280B97B200125F28 /* Web3+ERC888.swift in Sources */ = {isa = PBXBuildFile; fileRef = 6F500A86280B97B200125F28 /* Web3+ERC888.swift */; };
		6F500B13280B97B200125F28 /* Web3+ERC1376.swift in Sources */ = {isa = PBXBuildFile; fileRef = 6F500A88280B97B200125F28 /* Web3+ERC1376.swift */; };
		6F500B14280B97B200125F28 /* Web3+ERC1633.swift in Sources */ = {isa = PBXBuildFile; fileRef = 6F500A8A280B97B200125F28 /* Web3+ERC1633.swift */; };
		6F500B15280B97B200125F28 /* Web3+ERC20.swift in Sources */ = {isa = PBXBuildFile; fileRef = 6F500A8C280B97B200125F28 /* Web3+ERC20.swift */; };
		6F500B16280B97B200125F28 /* Web3+ERC1400.swift in Sources */ = {isa = PBXBuildFile; fileRef = 6F500A8E280B97B200125F28 /* Web3+ERC1400.swift */; };
		6F500B17280B97B200125F28 /* Web3+SecurityToken.swift in Sources */ = {isa = PBXBuildFile; fileRef = 6F500A90280B97B200125F28 /* Web3+SecurityToken.swift */; };
		6F500B18280B97B200125F28 /* Web3+ST20.swift in Sources */ = {isa = PBXBuildFile; fileRef = 6F500A91280B97B200125F28 /* Web3+ST20.swift */; };
		6F500B19280B97B200125F28 /* Web3+ERC1643.swift in Sources */ = {isa = PBXBuildFile; fileRef = 6F500A93280B97B200125F28 /* Web3+ERC1643.swift */; };
		6F500B1A280B97B200125F28 /* Web3+ERC1644.swift in Sources */ = {isa = PBXBuildFile; fileRef = 6F500A95280B97B200125F28 /* Web3+ERC1644.swift */; };
		6F500B1B280B97B200125F28 /* Web3+ERC777.swift in Sources */ = {isa = PBXBuildFile; fileRef = 6F500A97280B97B200125F28 /* Web3+ERC777.swift */; };
		6F500B1C280B97B200125F28 /* Web3+ERC1594.swift in Sources */ = {isa = PBXBuildFile; fileRef = 6F500A99280B97B200125F28 /* Web3+ERC1594.swift */; };
		6F500B1D280B97B200125F28 /* Web3+ERC165.swift in Sources */ = {isa = PBXBuildFile; fileRef = 6F500A9B280B97B200125F28 /* Web3+ERC165.swift */; };
		6F500B1E280B97B200125F28 /* Web3+ERC1410.swift in Sources */ = {isa = PBXBuildFile; fileRef = 6F500A9D280B97B200125F28 /* Web3+ERC1410.swift */; };
		6F500B1F280B97B200125F28 /* Web3+ERC721.swift in Sources */ = {isa = PBXBuildFile; fileRef = 6F500A9F280B97B200125F28 /* Web3+ERC721.swift */; };
		6F500B20280B97B200125F28 /* Web3+ERC1155.swift in Sources */ = {isa = PBXBuildFile; fileRef = 6F500AA1280B97B200125F28 /* Web3+ERC1155.swift */; };
		6F500B2C280B98AD00125F28 /* secp256k1 in Frameworks */ = {isa = PBXBuildFile; productRef = 6F500B2B280B98AD00125F28 /* secp256k1 */; };
		6F500B32280B9A8200125F28 /* BigInt in Frameworks */ = {isa = PBXBuildFile; productRef = 6F500B31280B9A8200125F28 /* BigInt */; };
		6F500B35280B9AE800125F28 /* CryptoSwift in Frameworks */ = {isa = PBXBuildFile; productRef = 6F500B34280B9AE800125F28 /* CryptoSwift */; };
		6F500B38280B9C9100125F28 /* Starscream in Frameworks */ = {isa = PBXBuildFile; productRef = 6F500B37280B9C9100125F28 /* Starscream */; };
		6F964FC4280B9751008925D7 /* LintingApp.swift in Sources */ = {isa = PBXBuildFile; fileRef = 6F964FC3280B9751008925D7 /* LintingApp.swift */; };
		6F964FC6280B9751008925D7 /* ContentView.swift in Sources */ = {isa = PBXBuildFile; fileRef = 6F964FC5280B9751008925D7 /* ContentView.swift */; };
		6F964FC8280B9752008925D7 /* Assets.xcassets in Resources */ = {isa = PBXBuildFile; fileRef = 6F964FC7280B9752008925D7 /* Assets.xcassets */; };
		6F964FCB280B9752008925D7 /* Preview Assets.xcassets in Resources */ = {isa = PBXBuildFile; fileRef = 6F964FCA280B9752008925D7 /* Preview Assets.xcassets */; };
/* End PBXBuildFile section */

/* Begin PBXFileReference section */
		6F500A04280B97B200125F28 /* ABIDecoding.swift */ = {isa = PBXFileReference; fileEncoding = 4; lastKnownFileType = sourcecode.swift; path = ABIDecoding.swift; sourceTree = "<group>"; };
		6F500A05280B97B200125F28 /* ABIElements.swift */ = {isa = PBXFileReference; fileEncoding = 4; lastKnownFileType = sourcecode.swift; path = ABIElements.swift; sourceTree = "<group>"; };
		6F500A06280B97B200125F28 /* ABITypeParser.swift */ = {isa = PBXFileReference; fileEncoding = 4; lastKnownFileType = sourcecode.swift; path = ABITypeParser.swift; sourceTree = "<group>"; };
		6F500A07280B97B200125F28 /* ABIParameterTypes.swift */ = {isa = PBXFileReference; fileEncoding = 4; lastKnownFileType = sourcecode.swift; path = ABIParameterTypes.swift; sourceTree = "<group>"; };
		6F500A08280B97B200125F28 /* ABI.swift */ = {isa = PBXFileReference; fileEncoding = 4; lastKnownFileType = sourcecode.swift; path = ABI.swift; sourceTree = "<group>"; };
		6F500A09280B97B200125F28 /* ABIEncoding.swift */ = {isa = PBXFileReference; fileEncoding = 4; lastKnownFileType = sourcecode.swift; path = ABIEncoding.swift; sourceTree = "<group>"; };
		6F500A0A280B97B200125F28 /* ABIParsing.swift */ = {isa = PBXFileReference; fileEncoding = 4; lastKnownFileType = sourcecode.swift; path = ABIParsing.swift; sourceTree = "<group>"; };
		6F500A0C280B97B200125F28 /* BloomFilter.swift */ = {isa = PBXFileReference; fileEncoding = 4; lastKnownFileType = sourcecode.swift; path = BloomFilter.swift; sourceTree = "<group>"; };
		6F500A0D280B97B200125F28 /* LegacyEnvelope.swift */ = {isa = PBXFileReference; fileEncoding = 4; lastKnownFileType = sourcecode.swift; path = LegacyEnvelope.swift; sourceTree = "<group>"; };
		6F500A0E280B97B200125F28 /* AbstractEnvelope.swift */ = {isa = PBXFileReference; fileEncoding = 4; lastKnownFileType = sourcecode.swift; path = AbstractEnvelope.swift; sourceTree = "<group>"; };
		6F500A0F280B97B200125F28 /* EIP2718Envelope.swift */ = {isa = PBXFileReference; fileEncoding = 4; lastKnownFileType = sourcecode.swift; path = EIP2718Envelope.swift; sourceTree = "<group>"; };
		6F500A10280B97B200125F28 /* EthereumParameters.swift */ = {isa = PBXFileReference; fileEncoding = 4; lastKnownFileType = sourcecode.swift; path = EthereumParameters.swift; sourceTree = "<group>"; };
		6F500A11280B97B200125F28 /* EnvelopeFactory.swift */ = {isa = PBXFileReference; fileEncoding = 4; lastKnownFileType = sourcecode.swift; path = EnvelopeFactory.swift; sourceTree = "<group>"; };
		6F500A12280B97B200125F28 /* EthereumTransaction.swift */ = {isa = PBXFileReference; fileEncoding = 4; lastKnownFileType = sourcecode.swift; path = EthereumTransaction.swift; sourceTree = "<group>"; };
		6F500A13280B97B200125F28 /* EIP2930Envelope.swift */ = {isa = PBXFileReference; fileEncoding = 4; lastKnownFileType = sourcecode.swift; path = EIP2930Envelope.swift; sourceTree = "<group>"; };
		6F500A14280B97B200125F28 /* EIP1559Envelope.swift */ = {isa = PBXFileReference; fileEncoding = 4; lastKnownFileType = sourcecode.swift; path = EIP1559Envelope.swift; sourceTree = "<group>"; };
		6F500A16280B97B200125F28 /* EventFiltering.swift */ = {isa = PBXFileReference; fileEncoding = 4; lastKnownFileType = sourcecode.swift; path = EventFiltering.swift; sourceTree = "<group>"; };
		6F500A17280B97B200125F28 /* ComparisonExtensions.swift */ = {isa = PBXFileReference; fileEncoding = 4; lastKnownFileType = sourcecode.swift; path = ComparisonExtensions.swift; sourceTree = "<group>"; };
		6F500A18280B97B200125F28 /* EthereumFilterEncodingExtensions.swift */ = {isa = PBXFileReference; fileEncoding = 4; lastKnownFileType = sourcecode.swift; path = EthereumFilterEncodingExtensions.swift; sourceTree = "<group>"; };
		6F500A19280B97B200125F28 /* EthereumContract.swift */ = {isa = PBXFileReference; fileEncoding = 4; lastKnownFileType = sourcecode.swift; path = EthereumContract.swift; sourceTree = "<group>"; };
		6F500A1A280B97B200125F28 /* ContractProtocol.swift */ = {isa = PBXFileReference; fileEncoding = 4; lastKnownFileType = sourcecode.swift; path = ContractProtocol.swift; sourceTree = "<group>"; };
		6F500A1C280B97B200125F28 /* RLP.swift */ = {isa = PBXFileReference; fileEncoding = 4; lastKnownFileType = sourcecode.swift; path = RLP.swift; sourceTree = "<group>"; };
		6F500A1E280B97B200125F28 /* Web3+HttpProvider.swift */ = {isa = PBXFileReference; fileEncoding = 4; lastKnownFileType = sourcecode.swift; path = "Web3+HttpProvider.swift"; sourceTree = "<group>"; };
		6F500A1F280B97B200125F28 /* Web3.swift */ = {isa = PBXFileReference; fileEncoding = 4; lastKnownFileType = sourcecode.swift; path = Web3.swift; sourceTree = "<group>"; };
		6F500A20280B97B200125F28 /* Web3+InfuraProviders.swift */ = {isa = PBXFileReference; fileEncoding = 4; lastKnownFileType = sourcecode.swift; path = "Web3+InfuraProviders.swift"; sourceTree = "<group>"; };
		6F500A21280B97B200125F28 /* Web3+Personal.swift */ = {isa = PBXFileReference; fileEncoding = 4; lastKnownFileType = sourcecode.swift; path = "Web3+Personal.swift"; sourceTree = "<group>"; };
		6F500A22280B97B200125F28 /* Web3+Constants.swift */ = {isa = PBXFileReference; fileEncoding = 4; lastKnownFileType = sourcecode.swift; path = "Web3+Constants.swift"; sourceTree = "<group>"; };
		6F500A23280B97B200125F28 /* Web3+Eventloop.swift */ = {isa = PBXFileReference; fileEncoding = 4; lastKnownFileType = sourcecode.swift; path = "Web3+Eventloop.swift"; sourceTree = "<group>"; };
		6F500A24280B97B200125F28 /* Web3+Eth+Websocket.swift */ = {isa = PBXFileReference; fileEncoding = 4; lastKnownFileType = sourcecode.swift; path = "Web3+Eth+Websocket.swift"; sourceTree = "<group>"; };
		6F500A25280B97B200125F28 /* Web3+Utils.swift */ = {isa = PBXFileReference; fileEncoding = 4; lastKnownFileType = sourcecode.swift; path = "Web3+Utils.swift"; sourceTree = "<group>"; };
		6F500A26280B97B200125F28 /* Web3+MutatingTransaction.swift */ = {isa = PBXFileReference; fileEncoding = 4; lastKnownFileType = sourcecode.swift; path = "Web3+MutatingTransaction.swift"; sourceTree = "<group>"; };
		6F500A27280B97B200125F28 /* Web3+GasOracle.swift */ = {isa = PBXFileReference; fileEncoding = 4; lastKnownFileType = sourcecode.swift; path = "Web3+GasOracle.swift"; sourceTree = "<group>"; };
		6F500A28280B97B200125F28 /* Web3+JSONRPC.swift */ = {isa = PBXFileReference; fileEncoding = 4; lastKnownFileType = sourcecode.swift; path = "Web3+JSONRPC.swift"; sourceTree = "<group>"; };
		6F500A29280B97B200125F28 /* Web3+Instance.swift */ = {isa = PBXFileReference; fileEncoding = 4; lastKnownFileType = sourcecode.swift; path = "Web3+Instance.swift"; sourceTree = "<group>"; };
		6F500A2A280B97B200125F28 /* Web3+EIP1559.swift */ = {isa = PBXFileReference; fileEncoding = 4; lastKnownFileType = sourcecode.swift; path = "Web3+EIP1559.swift"; sourceTree = "<group>"; };
		6F500A2B280B97B200125F28 /* Web3+Contract.swift */ = {isa = PBXFileReference; fileEncoding = 4; lastKnownFileType = sourcecode.swift; path = "Web3+Contract.swift"; sourceTree = "<group>"; };
		6F500A2C280B97B200125F28 /* Web3+EventParser.swift */ = {isa = PBXFileReference; fileEncoding = 4; lastKnownFileType = sourcecode.swift; path = "Web3+EventParser.swift"; sourceTree = "<group>"; };
		6F500A2D280B97B200125F28 /* Web3+ReadingTransaction.swift */ = {isa = PBXFileReference; fileEncoding = 4; lastKnownFileType = sourcecode.swift; path = "Web3+ReadingTransaction.swift"; sourceTree = "<group>"; };
		6F500A2E280B97B200125F28 /* Web3+Protocols.swift */ = {isa = PBXFileReference; fileEncoding = 4; lastKnownFileType = sourcecode.swift; path = "Web3+Protocols.swift"; sourceTree = "<group>"; };
		6F500A2F280B97B200125F28 /* Web3+WebsocketProvider.swift */ = {isa = PBXFileReference; fileEncoding = 4; lastKnownFileType = sourcecode.swift; path = "Web3+WebsocketProvider.swift"; sourceTree = "<group>"; };
		6F500A30280B97B200125F28 /* Web3+Methods.swift */ = {isa = PBXFileReference; fileEncoding = 4; lastKnownFileType = sourcecode.swift; path = "Web3+Methods.swift"; sourceTree = "<group>"; };
		6F500A31280B97B200125F28 /* Web3+Signing.swift */ = {isa = PBXFileReference; fileEncoding = 4; lastKnownFileType = sourcecode.swift; path = "Web3+Signing.swift"; sourceTree = "<group>"; };
		6F500A32280B97B200125F28 /* Web3+Eth.swift */ = {isa = PBXFileReference; fileEncoding = 4; lastKnownFileType = sourcecode.swift; path = "Web3+Eth.swift"; sourceTree = "<group>"; };
		6F500A33280B97B200125F28 /* Web3+TxPool.swift */ = {isa = PBXFileReference; fileEncoding = 4; lastKnownFileType = sourcecode.swift; path = "Web3+TxPool.swift"; sourceTree = "<group>"; };
		6F500A34280B97B200125F28 /* Web3+Structures.swift */ = {isa = PBXFileReference; fileEncoding = 4; lastKnownFileType = sourcecode.swift; path = "Web3+Structures.swift"; sourceTree = "<group>"; };
		6F500A35280B97B200125F28 /* Web3+Options.swift */ = {isa = PBXFileReference; fileEncoding = 4; lastKnownFileType = sourcecode.swift; path = "Web3+Options.swift"; sourceTree = "<group>"; };
		6F500A37280B97B200125F28 /* Extensions.swift */ = {isa = PBXFileReference; fileEncoding = 4; lastKnownFileType = sourcecode.swift; path = Extensions.swift; sourceTree = "<group>"; };
		6F500A38280B97B200125F28 /* EthereumAddress.swift */ = {isa = PBXFileReference; fileEncoding = 4; lastKnownFileType = sourcecode.swift; path = EthereumAddress.swift; sourceTree = "<group>"; };
		6F500A3B280B97B200125F28 /* ENS.swift */ = {isa = PBXFileReference; fileEncoding = 4; lastKnownFileType = sourcecode.swift; path = ENS.swift; sourceTree = "<group>"; };
		6F500A3C280B97B200125F28 /* PublicKey.swift */ = {isa = PBXFileReference; fileEncoding = 4; lastKnownFileType = sourcecode.swift; path = PublicKey.swift; sourceTree = "<group>"; };
		6F500A3D280B97B200125F28 /* ENSReverseRegistrar.swift */ = {isa = PBXFileReference; fileEncoding = 4; lastKnownFileType = sourcecode.swift; path = ENSReverseRegistrar.swift; sourceTree = "<group>"; };
		6F500A3E280B97B200125F28 /* ENSBaseRegistrar.swift */ = {isa = PBXFileReference; fileEncoding = 4; lastKnownFileType = sourcecode.swift; path = ENSBaseRegistrar.swift; sourceTree = "<group>"; };
		6F500A3F280B97B200125F28 /* ETHRegistrarController.swift */ = {isa = PBXFileReference; fileEncoding = 4; lastKnownFileType = sourcecode.swift; path = ETHRegistrarController.swift; sourceTree = "<group>"; };
		6F500A40280B97B200125F28 /* NameHash.swift */ = {isa = PBXFileReference; fileEncoding = 4; lastKnownFileType = sourcecode.swift; path = NameHash.swift; sourceTree = "<group>"; };
		6F500A41280B97B200125F28 /* ENSRegistry.swift */ = {isa = PBXFileReference; fileEncoding = 4; lastKnownFileType = sourcecode.swift; path = ENSRegistry.swift; sourceTree = "<group>"; };
		6F500A42280B97B200125F28 /* ENSResolver.swift */ = {isa = PBXFileReference; fileEncoding = 4; lastKnownFileType = sourcecode.swift; path = ENSResolver.swift; sourceTree = "<group>"; };
		6F500A44280B97B200125F28 /* NonceMiddleware.swift */ = {isa = PBXFileReference; fileEncoding = 4; lastKnownFileType = sourcecode.swift; path = NonceMiddleware.swift; sourceTree = "<group>"; };
		6F500A46280B97B200125F28 /* EIP712.swift */ = {isa = PBXFileReference; fileEncoding = 4; lastKnownFileType = sourcecode.swift; path = EIP712.swift; sourceTree = "<group>"; };
		6F500A47280B97B200125F28 /* EIP67Code.swift */ = {isa = PBXFileReference; fileEncoding = 4; lastKnownFileType = sourcecode.swift; path = EIP67Code.swift; sourceTree = "<group>"; };
		6F500A48280B97B200125F28 /* EIP681.swift */ = {isa = PBXFileReference; fileEncoding = 4; lastKnownFileType = sourcecode.swift; path = EIP681.swift; sourceTree = "<group>"; };
		6F500A4A280B97B200125F28 /* Promise+Web3+Eth+GetBlockNumber.swift */ = {isa = PBXFileReference; fileEncoding = 4; lastKnownFileType = sourcecode.swift; path = "Promise+Web3+Eth+GetBlockNumber.swift"; sourceTree = "<group>"; };
		6F500A4B280B97B200125F28 /* Promise+Web3+Personal+Sign.swift */ = {isa = PBXFileReference; fileEncoding = 4; lastKnownFileType = sourcecode.swift; path = "Promise+Web3+Personal+Sign.swift"; sourceTree = "<group>"; };
		6F500A4C280B97B200125F28 /* Promise+Web3+Eth+GetGasPrice.swift */ = {isa = PBXFileReference; fileEncoding = 4; lastKnownFileType = sourcecode.swift; path = "Promise+Web3+Eth+GetGasPrice.swift"; sourceTree = "<group>"; };
		6F500A4D280B97B200125F28 /* Promise+Web3+Eth+GetBlockByHash.swift */ = {isa = PBXFileReference; fileEncoding = 4; lastKnownFileType = sourcecode.swift; path = "Promise+Web3+Eth+GetBlockByHash.swift"; sourceTree = "<group>"; };
		6F500A4E280B97B200125F28 /* Promise+Web3+Eth+GetTransactionDetails.swift */ = {isa = PBXFileReference; fileEncoding = 4; lastKnownFileType = sourcecode.swift; path = "Promise+Web3+Eth+GetTransactionDetails.swift"; sourceTree = "<group>"; };
		6F500A4F280B97B200125F28 /* Promise+Web3+Eth+FeeHistory.swift */ = {isa = PBXFileReference; fileEncoding = 4; lastKnownFileType = sourcecode.swift; path = "Promise+Web3+Eth+FeeHistory.swift"; sourceTree = "<group>"; };
		6F500A50280B97B200125F28 /* Promise+Web3+Eth+SendTransaction.swift */ = {isa = PBXFileReference; fileEncoding = 4; lastKnownFileType = sourcecode.swift; path = "Promise+Web3+Eth+SendTransaction.swift"; sourceTree = "<group>"; };
		6F500A51280B97B200125F28 /* Promise+Web3+Eth+GetBalance.swift */ = {isa = PBXFileReference; fileEncoding = 4; lastKnownFileType = sourcecode.swift; path = "Promise+Web3+Eth+GetBalance.swift"; sourceTree = "<group>"; };
		6F500A52280B97B200125F28 /* Promise+Web3+Eth+GetTransactionReceipt.swift */ = {isa = PBXFileReference; fileEncoding = 4; lastKnownFileType = sourcecode.swift; path = "Promise+Web3+Eth+GetTransactionReceipt.swift"; sourceTree = "<group>"; };
		6F500A53280B97B200125F28 /* Promise+Web3+Eth+EstimateGas.swift */ = {isa = PBXFileReference; fileEncoding = 4; lastKnownFileType = sourcecode.swift; path = "Promise+Web3+Eth+EstimateGas.swift"; sourceTree = "<group>"; };
		6F500A54280B97B200125F28 /* Promise+Web3+Eth+GetCode.swift */ = {isa = PBXFileReference; fileEncoding = 4; lastKnownFileType = sourcecode.swift; path = "Promise+Web3+Eth+GetCode.swift"; sourceTree = "<group>"; };
		6F500A55280B97B200125F28 /* Promise+Web3+Eth+GetBlockByNumber.swift */ = {isa = PBXFileReference; fileEncoding = 4; lastKnownFileType = sourcecode.swift; path = "Promise+Web3+Eth+GetBlockByNumber.swift"; sourceTree = "<group>"; };
		6F500A56280B97B200125F28 /* Promise+Web3+Eth+SendRawTransaction.swift */ = {isa = PBXFileReference; fileEncoding = 4; lastKnownFileType = sourcecode.swift; path = "Promise+Web3+Eth+SendRawTransaction.swift"; sourceTree = "<group>"; };
		6F500A57280B97B200125F28 /* Promise+Web3+Eth+GetTransactionCount.swift */ = {isa = PBXFileReference; fileEncoding = 4; lastKnownFileType = sourcecode.swift; path = "Promise+Web3+Eth+GetTransactionCount.swift"; sourceTree = "<group>"; };
		6F500A58280B97B200125F28 /* Promise+Web3+TxPool.swift */ = {isa = PBXFileReference; fileEncoding = 4; lastKnownFileType = sourcecode.swift; path = "Promise+Web3+TxPool.swift"; sourceTree = "<group>"; };
		6F500A59280B97B200125F28 /* Promise+Web3+Eth+GetAccounts.swift */ = {isa = PBXFileReference; fileEncoding = 4; lastKnownFileType = sourcecode.swift; path = "Promise+Web3+Eth+GetAccounts.swift"; sourceTree = "<group>"; };
		6F500A5A280B97B200125F28 /* Promise+Web3+Personal+UnlockAccount.swift */ = {isa = PBXFileReference; fileEncoding = 4; lastKnownFileType = sourcecode.swift; path = "Promise+Web3+Personal+UnlockAccount.swift"; sourceTree = "<group>"; };
		6F500A5B280B97B200125F28 /* Promise+Web3+Personal+CreateAccount.swift */ = {isa = PBXFileReference; fileEncoding = 4; lastKnownFileType = sourcecode.swift; path = "Promise+Web3+Personal+CreateAccount.swift"; sourceTree = "<group>"; };
		6F500A5C280B97B200125F28 /* Promise+Web3+Eth+Call.swift */ = {isa = PBXFileReference; fileEncoding = 4; lastKnownFileType = sourcecode.swift; path = "Promise+Web3+Eth+Call.swift"; sourceTree = "<group>"; };
		6F500A5E280B97B200125F28 /* Web3+Wallet.swift */ = {isa = PBXFileReference; fileEncoding = 4; lastKnownFileType = sourcecode.swift; path = "Web3+Wallet.swift"; sourceTree = "<group>"; };
		6F500A5F280B97B200125F28 /* Web3+BrowserFunctions.swift */ = {isa = PBXFileReference; fileEncoding = 4; lastKnownFileType = sourcecode.swift; path = "Web3+BrowserFunctions.swift"; sourceTree = "<group>"; };
		6F500A61280B97B200125F28 /* Bridge.swift */ = {isa = PBXFileReference; fileEncoding = 4; lastKnownFileType = sourcecode.swift; path = Bridge.swift; sourceTree = "<group>"; };
		6F500A62280B97B200125F28 /* wk.bridge.min.js */ = {isa = PBXFileReference; fileEncoding = 4; lastKnownFileType = sourcecode.javascript; path = wk.bridge.min.js; sourceTree = "<group>"; };
		6F500A63280B97B200125F28 /* BrowserViewController.swift */ = {isa = PBXFileReference; fileEncoding = 4; lastKnownFileType = sourcecode.swift; path = BrowserViewController.swift; sourceTree = "<group>"; };
		6F500A64280B97B200125F28 /* browser.js */ = {isa = PBXFileReference; fileEncoding = 4; lastKnownFileType = sourcecode.javascript; path = browser.js; sourceTree = "<group>"; };
		6F500A65280B97B200125F28 /* browser.min.js */ = {isa = PBXFileReference; fileEncoding = 4; lastKnownFileType = sourcecode.javascript; path = browser.min.js; sourceTree = "<group>"; };
		6F500A67280B97B200125F28 /* KeystoreManager.swift */ = {isa = PBXFileReference; fileEncoding = 4; lastKnownFileType = sourcecode.swift; path = KeystoreManager.swift; sourceTree = "<group>"; };
		6F500A68280B97B200125F28 /* IBAN.swift */ = {isa = PBXFileReference; fileEncoding = 4; lastKnownFileType = sourcecode.swift; path = IBAN.swift; sourceTree = "<group>"; };
		6F500A69280B97B200125F28 /* BIP39.swift */ = {isa = PBXFileReference; fileEncoding = 4; lastKnownFileType = sourcecode.swift; path = BIP39.swift; sourceTree = "<group>"; };
		6F500A6A280B97B200125F28 /* BIP32HDNode.swift */ = {isa = PBXFileReference; fileEncoding = 4; lastKnownFileType = sourcecode.swift; path = BIP32HDNode.swift; sourceTree = "<group>"; };
		6F500A6B280B97B200125F28 /* BIP39+WordLists.swift */ = {isa = PBXFileReference; fileEncoding = 4; lastKnownFileType = sourcecode.swift; path = "BIP39+WordLists.swift"; sourceTree = "<group>"; };
		6F500A6C280B97B200125F28 /* BIP32Keystore.swift */ = {isa = PBXFileReference; fileEncoding = 4; lastKnownFileType = sourcecode.swift; path = BIP32Keystore.swift; sourceTree = "<group>"; };
		6F500A6D280B97B200125F28 /* EthereumKeystoreV3.swift */ = {isa = PBXFileReference; fileEncoding = 4; lastKnownFileType = sourcecode.swift; path = EthereumKeystoreV3.swift; sourceTree = "<group>"; };
		6F500A6E280B97B200125F28 /* PlainKeystore.swift */ = {isa = PBXFileReference; fileEncoding = 4; lastKnownFileType = sourcecode.swift; path = PlainKeystore.swift; sourceTree = "<group>"; };
		6F500A6F280B97B200125F28 /* AbstractKeystore.swift */ = {isa = PBXFileReference; fileEncoding = 4; lastKnownFileType = sourcecode.swift; path = AbstractKeystore.swift; sourceTree = "<group>"; };
		6F500A70280B97B200125F28 /* PathAddressStorage.swift */ = {isa = PBXFileReference; fileEncoding = 4; lastKnownFileType = sourcecode.swift; path = PathAddressStorage.swift; sourceTree = "<group>"; };
		6F500A71280B97B200125F28 /* KeystoreParams.swift */ = {isa = PBXFileReference; fileEncoding = 4; lastKnownFileType = sourcecode.swift; path = KeystoreParams.swift; sourceTree = "<group>"; };
		6F500A73280B97B200125F28 /* RIPEMD160+StackOveflow.swift */ = {isa = PBXFileReference; fileEncoding = 4; lastKnownFileType = sourcecode.swift; path = "RIPEMD160+StackOveflow.swift"; sourceTree = "<group>"; };
		6F500A74280B97B200125F28 /* BigUInt+Extensions.swift */ = {isa = PBXFileReference; fileEncoding = 4; lastKnownFileType = sourcecode.swift; path = "BigUInt+Extensions.swift"; sourceTree = "<group>"; };
		6F500A75280B97B200125F28 /* Decodable+Extensions.swift */ = {isa = PBXFileReference; fileEncoding = 4; lastKnownFileType = sourcecode.swift; path = "Decodable+Extensions.swift"; sourceTree = "<group>"; };
		6F500A76280B97B200125F28 /* CryptoExtensions.swift */ = {isa = PBXFileReference; fileEncoding = 4; lastKnownFileType = sourcecode.swift; path = CryptoExtensions.swift; sourceTree = "<group>"; };
		6F500A77280B97B200125F28 /* Encodable+Extensions.swift */ = {isa = PBXFileReference; fileEncoding = 4; lastKnownFileType = sourcecode.swift; path = "Encodable+Extensions.swift"; sourceTree = "<group>"; };
		6F500A78280B97B200125F28 /* String+Extension.swift */ = {isa = PBXFileReference; fileEncoding = 4; lastKnownFileType = sourcecode.swift; path = "String+Extension.swift"; sourceTree = "<group>"; };
		6F500A79280B97B200125F28 /* NSRegularExpressionExtension.swift */ = {isa = PBXFileReference; fileEncoding = 4; lastKnownFileType = sourcecode.swift; path = NSRegularExpressionExtension.swift; sourceTree = "<group>"; };
		6F500A7A280B97B200125F28 /* SECP256k1.swift */ = {isa = PBXFileReference; fileEncoding = 4; lastKnownFileType = sourcecode.swift; path = SECP256k1.swift; sourceTree = "<group>"; };
		6F500A7B280B97B200125F28 /* Dictionary+Extension.swift */ = {isa = PBXFileReference; fileEncoding = 4; lastKnownFileType = sourcecode.swift; path = "Dictionary+Extension.swift"; sourceTree = "<group>"; };
		6F500A7C280B97B200125F28 /* Data+Extension.swift */ = {isa = PBXFileReference; fileEncoding = 4; lastKnownFileType = sourcecode.swift; path = "Data+Extension.swift"; sourceTree = "<group>"; };
		6F500A7D280B97B200125F28 /* NativeTypesEncoding+Extensions.swift */ = {isa = PBXFileReference; fileEncoding = 4; lastKnownFileType = sourcecode.swift; path = "NativeTypesEncoding+Extensions.swift"; sourceTree = "<group>"; };
		6F500A7E280B97B200125F28 /* Base58.swift */ = {isa = PBXFileReference; fileEncoding = 4; lastKnownFileType = sourcecode.swift; path = Base58.swift; sourceTree = "<group>"; };
		6F500A7F280B97B200125F28 /* Array+Extension.swift */ = {isa = PBXFileReference; fileEncoding = 4; lastKnownFileType = sourcecode.swift; path = "Array+Extension.swift"; sourceTree = "<group>"; };
		6F500A82280B97B200125F28 /* Web3+ERC820.swift */ = {isa = PBXFileReference; fileEncoding = 4; lastKnownFileType = sourcecode.swift; path = "Web3+ERC820.swift"; sourceTree = "<group>"; };
		6F500A84280B97B200125F28 /* Web3+ERC721x.swift */ = {isa = PBXFileReference; fileEncoding = 4; lastKnownFileType = sourcecode.swift; path = "Web3+ERC721x.swift"; sourceTree = "<group>"; };
		6F500A86280B97B200125F28 /* Web3+ERC888.swift */ = {isa = PBXFileReference; fileEncoding = 4; lastKnownFileType = sourcecode.swift; path = "Web3+ERC888.swift"; sourceTree = "<group>"; };
		6F500A88280B97B200125F28 /* Web3+ERC1376.swift */ = {isa = PBXFileReference; fileEncoding = 4; lastKnownFileType = sourcecode.swift; path = "Web3+ERC1376.swift"; sourceTree = "<group>"; };
		6F500A8A280B97B200125F28 /* Web3+ERC1633.swift */ = {isa = PBXFileReference; fileEncoding = 4; lastKnownFileType = sourcecode.swift; path = "Web3+ERC1633.swift"; sourceTree = "<group>"; };
		6F500A8C280B97B200125F28 /* Web3+ERC20.swift */ = {isa = PBXFileReference; fileEncoding = 4; lastKnownFileType = sourcecode.swift; path = "Web3+ERC20.swift"; sourceTree = "<group>"; };
		6F500A8E280B97B200125F28 /* Web3+ERC1400.swift */ = {isa = PBXFileReference; fileEncoding = 4; lastKnownFileType = sourcecode.swift; path = "Web3+ERC1400.swift"; sourceTree = "<group>"; };
		6F500A90280B97B200125F28 /* Web3+SecurityToken.swift */ = {isa = PBXFileReference; fileEncoding = 4; lastKnownFileType = sourcecode.swift; path = "Web3+SecurityToken.swift"; sourceTree = "<group>"; };
		6F500A91280B97B200125F28 /* Web3+ST20.swift */ = {isa = PBXFileReference; fileEncoding = 4; lastKnownFileType = sourcecode.swift; path = "Web3+ST20.swift"; sourceTree = "<group>"; };
		6F500A93280B97B200125F28 /* Web3+ERC1643.swift */ = {isa = PBXFileReference; fileEncoding = 4; lastKnownFileType = sourcecode.swift; path = "Web3+ERC1643.swift"; sourceTree = "<group>"; };
		6F500A95280B97B200125F28 /* Web3+ERC1644.swift */ = {isa = PBXFileReference; fileEncoding = 4; lastKnownFileType = sourcecode.swift; path = "Web3+ERC1644.swift"; sourceTree = "<group>"; };
		6F500A97280B97B200125F28 /* Web3+ERC777.swift */ = {isa = PBXFileReference; fileEncoding = 4; lastKnownFileType = sourcecode.swift; path = "Web3+ERC777.swift"; sourceTree = "<group>"; };
		6F500A99280B97B200125F28 /* Web3+ERC1594.swift */ = {isa = PBXFileReference; fileEncoding = 4; lastKnownFileType = sourcecode.swift; path = "Web3+ERC1594.swift"; sourceTree = "<group>"; };
		6F500A9B280B97B200125F28 /* Web3+ERC165.swift */ = {isa = PBXFileReference; fileEncoding = 4; lastKnownFileType = sourcecode.swift; path = "Web3+ERC165.swift"; sourceTree = "<group>"; };
		6F500A9D280B97B200125F28 /* Web3+ERC1410.swift */ = {isa = PBXFileReference; fileEncoding = 4; lastKnownFileType = sourcecode.swift; path = "Web3+ERC1410.swift"; sourceTree = "<group>"; };
		6F500A9F280B97B200125F28 /* Web3+ERC721.swift */ = {isa = PBXFileReference; fileEncoding = 4; lastKnownFileType = sourcecode.swift; path = "Web3+ERC721.swift"; sourceTree = "<group>"; };
		6F500AA1280B97B200125F28 /* Web3+ERC1155.swift */ = {isa = PBXFileReference; fileEncoding = 4; lastKnownFileType = sourcecode.swift; path = "Web3+ERC1155.swift"; sourceTree = "<group>"; };
		6F964FC0280B9751008925D7 /* Linting.app */ = {isa = PBXFileReference; explicitFileType = wrapper.application; includeInIndex = 0; path = Linting.app; sourceTree = BUILT_PRODUCTS_DIR; };
		6F964FC3280B9751008925D7 /* LintingApp.swift */ = {isa = PBXFileReference; lastKnownFileType = sourcecode.swift; path = LintingApp.swift; sourceTree = "<group>"; };
		6F964FC5280B9751008925D7 /* ContentView.swift */ = {isa = PBXFileReference; lastKnownFileType = sourcecode.swift; path = ContentView.swift; sourceTree = "<group>"; };
		6F964FC7280B9752008925D7 /* Assets.xcassets */ = {isa = PBXFileReference; lastKnownFileType = folder.assetcatalog; path = Assets.xcassets; sourceTree = "<group>"; };
		6F964FCA280B9752008925D7 /* Preview Assets.xcassets */ = {isa = PBXFileReference; lastKnownFileType = folder.assetcatalog; path = "Preview Assets.xcassets"; sourceTree = "<group>"; };
/* End PBXFileReference section */

/* Begin PBXFrameworksBuildPhase section */
		6F964FBD280B9751008925D7 /* Frameworks */ = {
			isa = PBXFrameworksBuildPhase;
			buildActionMask = 2147483647;
			files = (
				6F500B2C280B98AD00125F28 /* secp256k1 in Frameworks */,
				6F500B35280B9AE800125F28 /* CryptoSwift in Frameworks */,
				6F500B32280B9A8200125F28 /* BigInt in Frameworks */,
				6F500B38280B9C9100125F28 /* Starscream in Frameworks */,
			);
			runOnlyForDeploymentPostprocessing = 0;
		};
/* End PBXFrameworksBuildPhase section */

/* Begin PBXGroup section */
		6F500A02280B97B200125F28 /* web3swift */ = {
			isa = PBXGroup;
			children = (
				6F500A03280B97B200125F28 /* EthereumABI */,
				6F500A0B280B97B200125F28 /* Transaction */,
				6F500A15280B97B200125F28 /* Contract */,
				6F500A1B280B97B200125F28 /* SwiftRLP */,
				6F500A1D280B97B200125F28 /* Web3 */,
				6F500A36280B97B200125F28 /* EthereumAddress */,
				6F500A39280B97B200125F28 /* Utils */,
				6F500A49280B97B200125F28 /* Promises */,
				6F500A5D280B97B200125F28 /* HookedFunctions */,
				6F500A60280B97B200125F28 /* Browser */,
				6F500A66280B97B200125F28 /* KeystoreManager */,
				6F500A72280B97B200125F28 /* Convenience */,
				6F500A80280B97B200125F28 /* Tokens */,
			);
			path = web3swift;
			sourceTree = "<group>";
		};
		6F500A03280B97B200125F28 /* EthereumABI */ = {
			isa = PBXGroup;
			children = (
				6F500A04280B97B200125F28 /* ABIDecoding.swift */,
				6F500A05280B97B200125F28 /* ABIElements.swift */,
				6F500A06280B97B200125F28 /* ABITypeParser.swift */,
				6F500A07280B97B200125F28 /* ABIParameterTypes.swift */,
				6F500A08280B97B200125F28 /* ABI.swift */,
				6F500A09280B97B200125F28 /* ABIEncoding.swift */,
				6F500A0A280B97B200125F28 /* ABIParsing.swift */,
			);
			path = EthereumABI;
			sourceTree = "<group>";
		};
		6F500A0B280B97B200125F28 /* Transaction */ = {
			isa = PBXGroup;
			children = (
				6F500A0C280B97B200125F28 /* BloomFilter.swift */,
				6F500A0D280B97B200125F28 /* LegacyEnvelope.swift */,
				6F500A0E280B97B200125F28 /* AbstractEnvelope.swift */,
				6F500A0F280B97B200125F28 /* EIP2718Envelope.swift */,
				6F500A10280B97B200125F28 /* EthereumParameters.swift */,
				6F500A11280B97B200125F28 /* EnvelopeFactory.swift */,
				6F500A12280B97B200125F28 /* EthereumTransaction.swift */,
				6F500A13280B97B200125F28 /* EIP2930Envelope.swift */,
				6F500A14280B97B200125F28 /* EIP1559Envelope.swift */,
			);
			path = Transaction;
			sourceTree = "<group>";
		};
		6F500A15280B97B200125F28 /* Contract */ = {
			isa = PBXGroup;
			children = (
				6F500A16280B97B200125F28 /* EventFiltering.swift */,
				6F500A17280B97B200125F28 /* ComparisonExtensions.swift */,
				6F500A18280B97B200125F28 /* EthereumFilterEncodingExtensions.swift */,
				6F500A19280B97B200125F28 /* EthereumContract.swift */,
				6F500A1A280B97B200125F28 /* ContractProtocol.swift */,
			);
			path = Contract;
			sourceTree = "<group>";
		};
		6F500A1B280B97B200125F28 /* SwiftRLP */ = {
			isa = PBXGroup;
			children = (
				6F500A1C280B97B200125F28 /* RLP.swift */,
			);
			path = SwiftRLP;
			sourceTree = "<group>";
		};
		6F500A1D280B97B200125F28 /* Web3 */ = {
			isa = PBXGroup;
			children = (
				6F500A1E280B97B200125F28 /* Web3+HttpProvider.swift */,
				6F500A1F280B97B200125F28 /* Web3.swift */,
				6F500A20280B97B200125F28 /* Web3+InfuraProviders.swift */,
				6F500A21280B97B200125F28 /* Web3+Personal.swift */,
				6F500A22280B97B200125F28 /* Web3+Constants.swift */,
				6F500A23280B97B200125F28 /* Web3+Eventloop.swift */,
				6F500A24280B97B200125F28 /* Web3+Eth+Websocket.swift */,
				6F500A25280B97B200125F28 /* Web3+Utils.swift */,
				6F500A26280B97B200125F28 /* Web3+MutatingTransaction.swift */,
				6F500A27280B97B200125F28 /* Web3+GasOracle.swift */,
				6F500A28280B97B200125F28 /* Web3+JSONRPC.swift */,
				6F500A29280B97B200125F28 /* Web3+Instance.swift */,
				6F500A2A280B97B200125F28 /* Web3+EIP1559.swift */,
				6F500A2B280B97B200125F28 /* Web3+Contract.swift */,
				6F500A2C280B97B200125F28 /* Web3+EventParser.swift */,
				6F500A2D280B97B200125F28 /* Web3+ReadingTransaction.swift */,
				6F500A2E280B97B200125F28 /* Web3+Protocols.swift */,
				6F500A2F280B97B200125F28 /* Web3+WebsocketProvider.swift */,
				6F500A30280B97B200125F28 /* Web3+Methods.swift */,
				6F500A31280B97B200125F28 /* Web3+Signing.swift */,
				6F500A32280B97B200125F28 /* Web3+Eth.swift */,
				6F500A33280B97B200125F28 /* Web3+TxPool.swift */,
				6F500A34280B97B200125F28 /* Web3+Structures.swift */,
				6F500A35280B97B200125F28 /* Web3+Options.swift */,
			);
			path = Web3;
			sourceTree = "<group>";
		};
		6F500A36280B97B200125F28 /* EthereumAddress */ = {
			isa = PBXGroup;
			children = (
				6F500A37280B97B200125F28 /* Extensions.swift */,
				6F500A38280B97B200125F28 /* EthereumAddress.swift */,
			);
			path = EthereumAddress;
			sourceTree = "<group>";
		};
		6F500A39280B97B200125F28 /* Utils */ = {
			isa = PBXGroup;
			children = (
				6F500A3A280B97B200125F28 /* ENS */,
				6F500A43280B97B200125F28 /* Hooks */,
				6F500A45280B97B200125F28 /* EIP */,
			);
			path = Utils;
			sourceTree = "<group>";
		};
		6F500A3A280B97B200125F28 /* ENS */ = {
			isa = PBXGroup;
			children = (
				6F500A3B280B97B200125F28 /* ENS.swift */,
				6F500A3C280B97B200125F28 /* PublicKey.swift */,
				6F500A3D280B97B200125F28 /* ENSReverseRegistrar.swift */,
				6F500A3E280B97B200125F28 /* ENSBaseRegistrar.swift */,
				6F500A3F280B97B200125F28 /* ETHRegistrarController.swift */,
				6F500A40280B97B200125F28 /* NameHash.swift */,
				6F500A41280B97B200125F28 /* ENSRegistry.swift */,
				6F500A42280B97B200125F28 /* ENSResolver.swift */,
			);
			path = ENS;
			sourceTree = "<group>";
		};
		6F500A43280B97B200125F28 /* Hooks */ = {
			isa = PBXGroup;
			children = (
				6F500A44280B97B200125F28 /* NonceMiddleware.swift */,
			);
			path = Hooks;
			sourceTree = "<group>";
		};
		6F500A45280B97B200125F28 /* EIP */ = {
			isa = PBXGroup;
			children = (
				6F500A46280B97B200125F28 /* EIP712.swift */,
				6F500A47280B97B200125F28 /* EIP67Code.swift */,
				6F500A48280B97B200125F28 /* EIP681.swift */,
			);
			path = EIP;
			sourceTree = "<group>";
		};
		6F500A49280B97B200125F28 /* Promises */ = {
			isa = PBXGroup;
			children = (
				6F500A4A280B97B200125F28 /* Promise+Web3+Eth+GetBlockNumber.swift */,
				6F500A4B280B97B200125F28 /* Promise+Web3+Personal+Sign.swift */,
				6F500A4C280B97B200125F28 /* Promise+Web3+Eth+GetGasPrice.swift */,
				6F500A4D280B97B200125F28 /* Promise+Web3+Eth+GetBlockByHash.swift */,
				6F500A4E280B97B200125F28 /* Promise+Web3+Eth+GetTransactionDetails.swift */,
				6F500A4F280B97B200125F28 /* Promise+Web3+Eth+FeeHistory.swift */,
				6F500A50280B97B200125F28 /* Promise+Web3+Eth+SendTransaction.swift */,
				6F500A51280B97B200125F28 /* Promise+Web3+Eth+GetBalance.swift */,
				6F500A52280B97B200125F28 /* Promise+Web3+Eth+GetTransactionReceipt.swift */,
				6F500A53280B97B200125F28 /* Promise+Web3+Eth+EstimateGas.swift */,
				6F500A54280B97B200125F28 /* Promise+Web3+Eth+GetCode.swift */,
				6F500A55280B97B200125F28 /* Promise+Web3+Eth+GetBlockByNumber.swift */,
				6F500A56280B97B200125F28 /* Promise+Web3+Eth+SendRawTransaction.swift */,
				6F500A57280B97B200125F28 /* Promise+Web3+Eth+GetTransactionCount.swift */,
				6F500A58280B97B200125F28 /* Promise+Web3+TxPool.swift */,
				6F500A59280B97B200125F28 /* Promise+Web3+Eth+GetAccounts.swift */,
				6F500A5A280B97B200125F28 /* Promise+Web3+Personal+UnlockAccount.swift */,
				6F500A5B280B97B200125F28 /* Promise+Web3+Personal+CreateAccount.swift */,
				6F500A5C280B97B200125F28 /* Promise+Web3+Eth+Call.swift */,
			);
			path = Promises;
			sourceTree = "<group>";
		};
		6F500A5D280B97B200125F28 /* HookedFunctions */ = {
			isa = PBXGroup;
			children = (
				6F500A5E280B97B200125F28 /* Web3+Wallet.swift */,
				6F500A5F280B97B200125F28 /* Web3+BrowserFunctions.swift */,
			);
			path = HookedFunctions;
			sourceTree = "<group>";
		};
		6F500A60280B97B200125F28 /* Browser */ = {
			isa = PBXGroup;
			children = (
				6F500A61280B97B200125F28 /* Bridge.swift */,
				6F500A62280B97B200125F28 /* wk.bridge.min.js */,
				6F500A63280B97B200125F28 /* BrowserViewController.swift */,
				6F500A64280B97B200125F28 /* browser.js */,
				6F500A65280B97B200125F28 /* browser.min.js */,
			);
			path = Browser;
			sourceTree = "<group>";
		};
		6F500A66280B97B200125F28 /* KeystoreManager */ = {
			isa = PBXGroup;
			children = (
				6F500A67280B97B200125F28 /* KeystoreManager.swift */,
				6F500A68280B97B200125F28 /* IBAN.swift */,
				6F500A69280B97B200125F28 /* BIP39.swift */,
				6F500A6A280B97B200125F28 /* BIP32HDNode.swift */,
				6F500A6B280B97B200125F28 /* BIP39+WordLists.swift */,
				6F500A6C280B97B200125F28 /* BIP32Keystore.swift */,
				6F500A6D280B97B200125F28 /* EthereumKeystoreV3.swift */,
				6F500A6E280B97B200125F28 /* PlainKeystore.swift */,
				6F500A6F280B97B200125F28 /* AbstractKeystore.swift */,
				6F500A70280B97B200125F28 /* PathAddressStorage.swift */,
				6F500A71280B97B200125F28 /* KeystoreParams.swift */,
			);
			path = KeystoreManager;
			sourceTree = "<group>";
		};
		6F500A72280B97B200125F28 /* Convenience */ = {
			isa = PBXGroup;
			children = (
				6F500A73280B97B200125F28 /* RIPEMD160+StackOveflow.swift */,
				6F500A74280B97B200125F28 /* BigUInt+Extensions.swift */,
				6F500A75280B97B200125F28 /* Decodable+Extensions.swift */,
				6F500A76280B97B200125F28 /* CryptoExtensions.swift */,
				6F500A77280B97B200125F28 /* Encodable+Extensions.swift */,
				6F500A78280B97B200125F28 /* String+Extension.swift */,
				6F500A79280B97B200125F28 /* NSRegularExpressionExtension.swift */,
				6F500A7A280B97B200125F28 /* SECP256k1.swift */,
				6F500A7B280B97B200125F28 /* Dictionary+Extension.swift */,
				6F500A7C280B97B200125F28 /* Data+Extension.swift */,
				6F500A7D280B97B200125F28 /* NativeTypesEncoding+Extensions.swift */,
				6F500A7E280B97B200125F28 /* Base58.swift */,
				6F500A7F280B97B200125F28 /* Array+Extension.swift */,
			);
			path = Convenience;
			sourceTree = "<group>";
		};
		6F500A80280B97B200125F28 /* Tokens */ = {
			isa = PBXGroup;
			children = (
				6F500A81280B97B200125F28 /* ERC820 */,
				6F500A83280B97B200125F28 /* ERC721x */,
				6F500A85280B97B200125F28 /* ERC888 */,
				6F500A87280B97B200125F28 /* ERC1376 */,
				6F500A89280B97B200125F28 /* ERC1633 */,
				6F500A8B280B97B200125F28 /* ERC20 */,
				6F500A8D280B97B200125F28 /* ERC1400 */,
				6F500A8F280B97B200125F28 /* ST20 */,
				6F500A92280B97B200125F28 /* ERC1643 */,
				6F500A94280B97B200125F28 /* ERC1644 */,
				6F500A96280B97B200125F28 /* ERC777 */,
				6F500A98280B97B200125F28 /* ERC1594 */,
				6F500A9A280B97B200125F28 /* ERC165 */,
				6F500A9C280B97B200125F28 /* ERC1410 */,
				6F500A9E280B97B200125F28 /* ERC721 */,
				6F500AA0280B97B200125F28 /* ERC1155 */,
			);
			path = Tokens;
			sourceTree = "<group>";
		};
		6F500A81280B97B200125F28 /* ERC820 */ = {
			isa = PBXGroup;
			children = (
				6F500A82280B97B200125F28 /* Web3+ERC820.swift */,
			);
			path = ERC820;
			sourceTree = "<group>";
		};
		6F500A83280B97B200125F28 /* ERC721x */ = {
			isa = PBXGroup;
			children = (
				6F500A84280B97B200125F28 /* Web3+ERC721x.swift */,
			);
			path = ERC721x;
			sourceTree = "<group>";
		};
		6F500A85280B97B200125F28 /* ERC888 */ = {
			isa = PBXGroup;
			children = (
				6F500A86280B97B200125F28 /* Web3+ERC888.swift */,
			);
			path = ERC888;
			sourceTree = "<group>";
		};
		6F500A87280B97B200125F28 /* ERC1376 */ = {
			isa = PBXGroup;
			children = (
				6F500A88280B97B200125F28 /* Web3+ERC1376.swift */,
			);
			path = ERC1376;
			sourceTree = "<group>";
		};
		6F500A89280B97B200125F28 /* ERC1633 */ = {
			isa = PBXGroup;
			children = (
				6F500A8A280B97B200125F28 /* Web3+ERC1633.swift */,
			);
			path = ERC1633;
			sourceTree = "<group>";
		};
		6F500A8B280B97B200125F28 /* ERC20 */ = {
			isa = PBXGroup;
			children = (
				6F500A8C280B97B200125F28 /* Web3+ERC20.swift */,
			);
			path = ERC20;
			sourceTree = "<group>";
		};
		6F500A8D280B97B200125F28 /* ERC1400 */ = {
			isa = PBXGroup;
			children = (
				6F500A8E280B97B200125F28 /* Web3+ERC1400.swift */,
			);
			path = ERC1400;
			sourceTree = "<group>";
		};
		6F500A8F280B97B200125F28 /* ST20 */ = {
			isa = PBXGroup;
			children = (
				6F500A90280B97B200125F28 /* Web3+SecurityToken.swift */,
				6F500A91280B97B200125F28 /* Web3+ST20.swift */,
			);
			path = ST20;
			sourceTree = "<group>";
		};
		6F500A92280B97B200125F28 /* ERC1643 */ = {
			isa = PBXGroup;
			children = (
				6F500A93280B97B200125F28 /* Web3+ERC1643.swift */,
			);
			path = ERC1643;
			sourceTree = "<group>";
		};
		6F500A94280B97B200125F28 /* ERC1644 */ = {
			isa = PBXGroup;
			children = (
				6F500A95280B97B200125F28 /* Web3+ERC1644.swift */,
			);
			path = ERC1644;
			sourceTree = "<group>";
		};
		6F500A96280B97B200125F28 /* ERC777 */ = {
			isa = PBXGroup;
			children = (
				6F500A97280B97B200125F28 /* Web3+ERC777.swift */,
			);
			path = ERC777;
			sourceTree = "<group>";
		};
		6F500A98280B97B200125F28 /* ERC1594 */ = {
			isa = PBXGroup;
			children = (
				6F500A99280B97B200125F28 /* Web3+ERC1594.swift */,
			);
			path = ERC1594;
			sourceTree = "<group>";
		};
		6F500A9A280B97B200125F28 /* ERC165 */ = {
			isa = PBXGroup;
			children = (
				6F500A9B280B97B200125F28 /* Web3+ERC165.swift */,
			);
			path = ERC165;
			sourceTree = "<group>";
		};
		6F500A9C280B97B200125F28 /* ERC1410 */ = {
			isa = PBXGroup;
			children = (
				6F500A9D280B97B200125F28 /* Web3+ERC1410.swift */,
			);
			path = ERC1410;
			sourceTree = "<group>";
		};
		6F500A9E280B97B200125F28 /* ERC721 */ = {
			isa = PBXGroup;
			children = (
				6F500A9F280B97B200125F28 /* Web3+ERC721.swift */,
			);
			path = ERC721;
			sourceTree = "<group>";
		};
		6F500AA0280B97B200125F28 /* ERC1155 */ = {
			isa = PBXGroup;
			children = (
				6F500AA1280B97B200125F28 /* Web3+ERC1155.swift */,
			);
			path = ERC1155;
			sourceTree = "<group>";
		};
		6F964FB7280B9751008925D7 = {
			isa = PBXGroup;
			children = (
				6F500A02280B97B200125F28 /* web3swift */,
				6F964FC2280B9751008925D7 /* Linting */,
				6F964FC1280B9751008925D7 /* Products */,
			);
			sourceTree = "<group>";
		};
		6F964FC1280B9751008925D7 /* Products */ = {
			isa = PBXGroup;
			children = (
				6F964FC0280B9751008925D7 /* Linting.app */,
			);
			name = Products;
			sourceTree = "<group>";
		};
		6F964FC2280B9751008925D7 /* Linting */ = {
			isa = PBXGroup;
			children = (
				6F964FC3280B9751008925D7 /* LintingApp.swift */,
				6F964FC5280B9751008925D7 /* ContentView.swift */,
				6F964FC7280B9752008925D7 /* Assets.xcassets */,
				6F964FC9280B9752008925D7 /* Preview Content */,
			);
			path = Linting;
			sourceTree = "<group>";
		};
		6F964FC9280B9752008925D7 /* Preview Content */ = {
			isa = PBXGroup;
			children = (
				6F964FCA280B9752008925D7 /* Preview Assets.xcassets */,
			);
			path = "Preview Content";
			sourceTree = "<group>";
		};
/* End PBXGroup section */

/* Begin PBXNativeTarget section */
		6F964FBF280B9751008925D7 /* Linting */ = {
			isa = PBXNativeTarget;
			buildConfigurationList = 6F964FCE280B9752008925D7 /* Build configuration list for PBXNativeTarget "Linting" */;
			buildPhases = (
				6F964FBC280B9751008925D7 /* Sources */,
				6F964FBD280B9751008925D7 /* Frameworks */,
				6F964FBE280B9751008925D7 /* Resources */,
				6F500B39280B9CE900125F28 /* Run SwiftLint */,
			);
			buildRules = (
			);
			dependencies = (
			);
			name = Linting;
			packageProductDependencies = (
				6F500B2B280B98AD00125F28 /* secp256k1 */,
				6F500B31280B9A8200125F28 /* BigInt */,
				6F500B34280B9AE800125F28 /* CryptoSwift */,
				6F500B37280B9C9100125F28 /* Starscream */,
			);
			productName = Linting;
			productReference = 6F964FC0280B9751008925D7 /* Linting.app */;
			productType = "com.apple.product-type.application";
		};
/* End PBXNativeTarget section */

/* Begin PBXProject section */
		6F964FB8280B9751008925D7 /* Project object */ = {
			isa = PBXProject;
			attributes = {
				BuildIndependentTargetsInParallel = 1;
				LastSwiftUpdateCheck = 1330;
				LastUpgradeCheck = 1330;
				TargetAttributes = {
					6F964FBF280B9751008925D7 = {
						CreatedOnToolsVersion = 13.3.1;
					};
				};
			};
			buildConfigurationList = 6F964FBB280B9751008925D7 /* Build configuration list for PBXProject "Linting" */;
			compatibilityVersion = "Xcode 13.0";
			developmentRegion = en;
			hasScannedForEncodings = 0;
			knownRegions = (
				en,
				Base,
			);
			mainGroup = 6F964FB7280B9751008925D7;
			packageReferences = (
				6F500B2A280B98AD00125F28 /* XCRemoteSwiftPackageReference "secp256k1.swift" */,
				6F500B30280B9A8200125F28 /* XCRemoteSwiftPackageReference "BigInt" */,
				6F500B33280B9AE800125F28 /* XCRemoteSwiftPackageReference "CryptoSwift" */,
				6F500B36280B9C9100125F28 /* XCRemoteSwiftPackageReference "Starscream" */,
			);
			productRefGroup = 6F964FC1280B9751008925D7 /* Products */;
			projectDirPath = "";
			projectRoot = "";
			targets = (
				6F964FBF280B9751008925D7 /* Linting */,
			);
		};
/* End PBXProject section */

/* Begin PBXResourcesBuildPhase section */
		6F964FBE280B9751008925D7 /* Resources */ = {
			isa = PBXResourcesBuildPhase;
			buildActionMask = 2147483647;
			files = (
				6F500AF7280B97B200125F28 /* browser.min.js in Resources */,
				6F964FCB280B9752008925D7 /* Preview Assets.xcassets in Resources */,
				6F500AF6280B97B200125F28 /* browser.js in Resources */,
				6F500AF4280B97B200125F28 /* wk.bridge.min.js in Resources */,
				6F964FC8280B9752008925D7 /* Assets.xcassets in Resources */,
			);
			runOnlyForDeploymentPostprocessing = 0;
		};
/* End PBXResourcesBuildPhase section */

/* Begin PBXShellScriptBuildPhase section */
		6F500B39280B9CE900125F28 /* Run SwiftLint */ = {
			isa = PBXShellScriptBuildPhase;
			buildActionMask = 2147483647;
			files = (
			);
			inputFileListPaths = (
			);
			inputPaths = (
			);
			name = "Run SwiftLint";
			outputFileListPaths = (
			);
			outputPaths = (
			);
			runOnlyForDeploymentPostprocessing = 0;
			shellPath = /bin/sh;
			shellScript = "export PATH=\"$PATH:/opt/homebrew/bin\"\nb\nif which swiftlint; then\n    swiftlint\nelse\n  echo \"warning: SwiftLint not installed, download from https://github.com/realm/SwiftLint\"\nfi\n";
		};
/* End PBXShellScriptBuildPhase section */

/* Begin PBXSourcesBuildPhase section */
		6F964FBC280B9751008925D7 /* Sources */ = {
			isa = PBXSourcesBuildPhase;
			buildActionMask = 2147483647;
			files = (
				6F500AB4280B97B200125F28 /* EthereumFilterEncodingExtensions.swift in Sources */,
				6F500AA8280B97B200125F28 /* ABIParsing.swift in Sources */,
				6F500B10280B97B200125F28 /* Web3+ERC820.swift in Sources */,
				6F500AF5280B97B200125F28 /* BrowserViewController.swift in Sources */,
				6F500B13280B97B200125F28 /* Web3+ERC1376.swift in Sources */,
				6F500ADF280B97B200125F28 /* Promise+Web3+Personal+Sign.swift in Sources */,
				6F500B04280B97B200125F28 /* BigUInt+Extensions.swift in Sources */,
				6F500AE2280B97B200125F28 /* Promise+Web3+Eth+GetTransactionDetails.swift in Sources */,
				6F500AFA280B97B200125F28 /* BIP39.swift in Sources */,
				6F500B0D280B97B200125F28 /* NativeTypesEncoding+Extensions.swift in Sources */,
				6F500B03280B97B200125F28 /* RIPEMD160+StackOveflow.swift in Sources */,
				6F500ABA280B97B200125F28 /* Web3+InfuraProviders.swift in Sources */,
				6F500AC9280B97B200125F28 /* Web3+WebsocketProvider.swift in Sources */,
				6F500AB7280B97B200125F28 /* RLP.swift in Sources */,
				6F500AE1280B97B200125F28 /* Promise+Web3+Eth+GetBlockByHash.swift in Sources */,
				6F500AF0280B97B200125F28 /* Promise+Web3+Eth+Call.swift in Sources */,
				6F500AFB280B97B200125F28 /* BIP32HDNode.swift in Sources */,
				6F500AC1280B97B200125F28 /* Web3+GasOracle.swift in Sources */,
				6F500B14280B97B200125F28 /* Web3+ERC1633.swift in Sources */,
				6F500AAC280B97B200125F28 /* EIP2718Envelope.swift in Sources */,
				6F500AFD280B97B200125F28 /* BIP32Keystore.swift in Sources */,
				6F500B18280B97B200125F28 /* Web3+ST20.swift in Sources */,
				6F500ABE280B97B200125F28 /* Web3+Eth+Websocket.swift in Sources */,
				6F500ADD280B97B200125F28 /* EIP681.swift in Sources */,
				6F500AE3280B97B200125F28 /* Promise+Web3+Eth+FeeHistory.swift in Sources */,
				6F500ACB280B97B200125F28 /* Web3+Signing.swift in Sources */,
				6F500AEC280B97B200125F28 /* Promise+Web3+TxPool.swift in Sources */,
				6F500AE7280B97B200125F28 /* Promise+Web3+Eth+EstimateGas.swift in Sources */,
				6F500AAD280B97B200125F28 /* EthereumParameters.swift in Sources */,
				6F500AEE280B97B200125F28 /* Promise+Web3+Personal+UnlockAccount.swift in Sources */,
				6F500AC2280B97B200125F28 /* Web3+JSONRPC.swift in Sources */,
				6F500B06280B97B200125F28 /* CryptoExtensions.swift in Sources */,
				6F500AD1280B97B200125F28 /* EthereumAddress.swift in Sources */,
				6F500AD9280B97B200125F28 /* ENSResolver.swift in Sources */,
				6F500B0B280B97B200125F28 /* Dictionary+Extension.swift in Sources */,
				6F500AC6280B97B200125F28 /* Web3+EventParser.swift in Sources */,
				6F500AED280B97B200125F28 /* Promise+Web3+Eth+GetAccounts.swift in Sources */,
				6F500B1D280B97B200125F28 /* Web3+ERC165.swift in Sources */,
				6F500ADE280B97B200125F28 /* Promise+Web3+Eth+GetBlockNumber.swift in Sources */,
				6F500AA5280B97B200125F28 /* ABIParameterTypes.swift in Sources */,
				6F500B07280B97B200125F28 /* Encodable+Extensions.swift in Sources */,
				6F500AC4280B97B200125F28 /* Web3+EIP1559.swift in Sources */,
				6F500AEF280B97B200125F28 /* Promise+Web3+Personal+CreateAccount.swift in Sources */,
				6F500ACC280B97B200125F28 /* Web3+Eth.swift in Sources */,
				6F500AE8280B97B200125F28 /* Promise+Web3+Eth+GetCode.swift in Sources */,
				6F500AFC280B97B200125F28 /* BIP39+WordLists.swift in Sources */,
				6F500B16280B97B200125F28 /* Web3+ERC1400.swift in Sources */,
				6F500B17280B97B200125F28 /* Web3+SecurityToken.swift in Sources */,
				6F500AB8280B97B200125F28 /* Web3+HttpProvider.swift in Sources */,
				6F500B1E280B97B200125F28 /* Web3+ERC1410.swift in Sources */,
				6F500AC3280B97B200125F28 /* Web3+Instance.swift in Sources */,
				6F964FC6280B9751008925D7 /* ContentView.swift in Sources */,
				6F500B1C280B97B200125F28 /* Web3+ERC1594.swift in Sources */,
				6F500B09280B97B200125F28 /* NSRegularExpressionExtension.swift in Sources */,
				6F500ADC280B97B200125F28 /* EIP67Code.swift in Sources */,
				6F500AE4280B97B200125F28 /* Promise+Web3+Eth+SendTransaction.swift in Sources */,
				6F500AA9280B97B200125F28 /* BloomFilter.swift in Sources */,
				6F500B0F280B97B200125F28 /* Array+Extension.swift in Sources */,
				6F500AB6280B97B200125F28 /* ContractProtocol.swift in Sources */,
				6F500AC5280B97B200125F28 /* Web3+Contract.swift in Sources */,
				6F500B01280B97B200125F28 /* PathAddressStorage.swift in Sources */,
				6F500AF8280B97B200125F28 /* KeystoreManager.swift in Sources */,
				6F500B19280B97B200125F28 /* Web3+ERC1643.swift in Sources */,
				6F500ACF280B97B200125F28 /* Web3+Options.swift in Sources */,
				6F500AD5280B97B200125F28 /* ENSBaseRegistrar.swift in Sources */,
				6F500AB1280B97B200125F28 /* EIP1559Envelope.swift in Sources */,
				6F500AA3280B97B200125F28 /* ABIElements.swift in Sources */,
				6F500ACA280B97B200125F28 /* Web3+Methods.swift in Sources */,
				6F500AEB280B97B200125F28 /* Promise+Web3+Eth+GetTransactionCount.swift in Sources */,
				6F500AF3280B97B200125F28 /* Bridge.swift in Sources */,
				6F500B1F280B97B200125F28 /* Web3+ERC721.swift in Sources */,
				6F500AC0280B97B200125F28 /* Web3+MutatingTransaction.swift in Sources */,
				6F500AF9280B97B200125F28 /* IBAN.swift in Sources */,
				6F500AF2280B97B200125F28 /* Web3+BrowserFunctions.swift in Sources */,
				6F500AD4280B97B200125F28 /* ENSReverseRegistrar.swift in Sources */,
				6F500AB2280B97B200125F28 /* EventFiltering.swift in Sources */,
				6F500ACD280B97B200125F28 /* Web3+TxPool.swift in Sources */,
				6F500AAA280B97B200125F28 /* LegacyEnvelope.swift in Sources */,
				6F500B1A280B97B200125F28 /* Web3+ERC1644.swift in Sources */,
				6F500AE9280B97B200125F28 /* Promise+Web3+Eth+GetBlockByNumber.swift in Sources */,
				6F500B0E280B97B200125F28 /* Base58.swift in Sources */,
				6F500AEA280B97B200125F28 /* Promise+Web3+Eth+SendRawTransaction.swift in Sources */,
				6F500AB9280B97B200125F28 /* Web3.swift in Sources */,
				6F500AAE280B97B200125F28 /* EnvelopeFactory.swift in Sources */,
				6F500AB5280B97B200125F28 /* EthereumContract.swift in Sources */,
				6F500AD6280B97B200125F28 /* ETHRegistrarController.swift in Sources */,
				6F500ADA280B97B200125F28 /* NonceMiddleware.swift in Sources */,
				6F500B15280B97B200125F28 /* Web3+ERC20.swift in Sources */,
				6F500B11280B97B200125F28 /* Web3+ERC721x.swift in Sources */,
				6F500AE0280B97B200125F28 /* Promise+Web3+Eth+GetGasPrice.swift in Sources */,
				6F500B0C280B97B200125F28 /* Data+Extension.swift in Sources */,
				6F500AFF280B97B200125F28 /* PlainKeystore.swift in Sources */,
				6F500ABC280B97B200125F28 /* Web3+Constants.swift in Sources */,
				6F500ABD280B97B200125F28 /* Web3+Eventloop.swift in Sources */,
				6F500AD7280B97B200125F28 /* NameHash.swift in Sources */,
				6F500AFE280B97B200125F28 /* EthereumKeystoreV3.swift in Sources */,
				6F500B08280B97B200125F28 /* String+Extension.swift in Sources */,
				6F500B00280B97B200125F28 /* AbstractKeystore.swift in Sources */,
				6F500B02280B97B200125F28 /* KeystoreParams.swift in Sources */,
				6F500B05280B97B200125F28 /* Decodable+Extensions.swift in Sources */,
				6F500AC7280B97B200125F28 /* Web3+ReadingTransaction.swift in Sources */,
				6F500AAF280B97B200125F28 /* EthereumTransaction.swift in Sources */,
				6F964FC4280B9751008925D7 /* LintingApp.swift in Sources */,
				6F500AAB280B97B200125F28 /* AbstractEnvelope.swift in Sources */,
				6F500ABF280B97B200125F28 /* Web3+Utils.swift in Sources */,
				6F500AA4280B97B200125F28 /* ABITypeParser.swift in Sources */,
				6F500AD8280B97B200125F28 /* ENSRegistry.swift in Sources */,
				6F500AE6280B97B200125F28 /* Promise+Web3+Eth+GetTransactionReceipt.swift in Sources */,
				6F500ABB280B97B200125F28 /* Web3+Personal.swift in Sources */,
				6F500AA2280B97B200125F28 /* ABIDecoding.swift in Sources */,
				6F500ACE280B97B200125F28 /* Web3+Structures.swift in Sources */,
				6F500B20280B97B200125F28 /* Web3+ERC1155.swift in Sources */,
				6F500ADB280B97B200125F28 /* EIP712.swift in Sources */,
				6F500AB3280B97B200125F28 /* ComparisonExtensions.swift in Sources */,
				6F500B1B280B97B200125F28 /* Web3+ERC777.swift in Sources */,
				6F500AA6280B97B200125F28 /* ABI.swift in Sources */,
				6F500AD3280B97B200125F28 /* PublicKey.swift in Sources */,
				6F500AC8280B97B200125F28 /* Web3+Protocols.swift in Sources */,
				6F500AA7280B97B200125F28 /* ABIEncoding.swift in Sources */,
				6F500AE5280B97B200125F28 /* Promise+Web3+Eth+GetBalance.swift in Sources */,
				6F500B12280B97B200125F28 /* Web3+ERC888.swift in Sources */,
				6F500AB0280B97B200125F28 /* EIP2930Envelope.swift in Sources */,
				6F500AD2280B97B200125F28 /* ENS.swift in Sources */,
				6F500AD0280B97B200125F28 /* Extensions.swift in Sources */,
				6F500B0A280B97B200125F28 /* SECP256k1.swift in Sources */,
				6F500AF1280B97B200125F28 /* Web3+Wallet.swift in Sources */,
			);
			runOnlyForDeploymentPostprocessing = 0;
		};
/* End PBXSourcesBuildPhase section */

/* Begin XCBuildConfiguration section */
		6F964FCC280B9752008925D7 /* Debug */ = {
			isa = XCBuildConfiguration;
			buildSettings = {
				ALWAYS_SEARCH_USER_PATHS = NO;
				CLANG_ANALYZER_NONNULL = YES;
				CLANG_ANALYZER_NUMBER_OBJECT_CONVERSION = YES_AGGRESSIVE;
				CLANG_CXX_LANGUAGE_STANDARD = "gnu++17";
				CLANG_ENABLE_MODULES = YES;
				CLANG_ENABLE_OBJC_ARC = YES;
				CLANG_ENABLE_OBJC_WEAK = YES;
				CLANG_WARN_BLOCK_CAPTURE_AUTORELEASING = YES;
				CLANG_WARN_BOOL_CONVERSION = YES;
				CLANG_WARN_COMMA = YES;
				CLANG_WARN_CONSTANT_CONVERSION = YES;
				CLANG_WARN_DEPRECATED_OBJC_IMPLEMENTATIONS = YES;
				CLANG_WARN_DIRECT_OBJC_ISA_USAGE = YES_ERROR;
				CLANG_WARN_DOCUMENTATION_COMMENTS = YES;
				CLANG_WARN_EMPTY_BODY = YES;
				CLANG_WARN_ENUM_CONVERSION = YES;
				CLANG_WARN_INFINITE_RECURSION = YES;
				CLANG_WARN_INT_CONVERSION = YES;
				CLANG_WARN_NON_LITERAL_NULL_CONVERSION = YES;
				CLANG_WARN_OBJC_IMPLICIT_RETAIN_SELF = YES;
				CLANG_WARN_OBJC_LITERAL_CONVERSION = YES;
				CLANG_WARN_OBJC_ROOT_CLASS = YES_ERROR;
				CLANG_WARN_QUOTED_INCLUDE_IN_FRAMEWORK_HEADER = YES;
				CLANG_WARN_RANGE_LOOP_ANALYSIS = YES;
				CLANG_WARN_STRICT_PROTOTYPES = YES;
				CLANG_WARN_SUSPICIOUS_MOVE = YES;
				CLANG_WARN_UNGUARDED_AVAILABILITY = YES_AGGRESSIVE;
				CLANG_WARN_UNREACHABLE_CODE = YES;
				CLANG_WARN__DUPLICATE_METHOD_MATCH = YES;
				COPY_PHASE_STRIP = NO;
				DEBUG_INFORMATION_FORMAT = dwarf;
				ENABLE_STRICT_OBJC_MSGSEND = YES;
				ENABLE_TESTABILITY = YES;
				GCC_C_LANGUAGE_STANDARD = gnu11;
				GCC_DYNAMIC_NO_PIC = NO;
				GCC_NO_COMMON_BLOCKS = YES;
				GCC_OPTIMIZATION_LEVEL = 0;
				GCC_PREPROCESSOR_DEFINITIONS = (
					"DEBUG=1",
					"$(inherited)",
				);
				GCC_WARN_64_TO_32_BIT_CONVERSION = YES;
				GCC_WARN_ABOUT_RETURN_TYPE = YES_ERROR;
				GCC_WARN_UNDECLARED_SELECTOR = YES;
				GCC_WARN_UNINITIALIZED_AUTOS = YES_AGGRESSIVE;
				GCC_WARN_UNUSED_FUNCTION = YES;
				GCC_WARN_UNUSED_VARIABLE = YES;
				IPHONEOS_DEPLOYMENT_TARGET = 15.4;
				MTL_ENABLE_DEBUG_INFO = INCLUDE_SOURCE;
				MTL_FAST_MATH = YES;
				ONLY_ACTIVE_ARCH = YES;
				SDKROOT = iphoneos;
				SWIFT_ACTIVE_COMPILATION_CONDITIONS = DEBUG;
				SWIFT_OPTIMIZATION_LEVEL = "-Onone";
			};
			name = Debug;
		};
		6F964FCD280B9752008925D7 /* Release */ = {
			isa = XCBuildConfiguration;
			buildSettings = {
				ALWAYS_SEARCH_USER_PATHS = NO;
				CLANG_ANALYZER_NONNULL = YES;
				CLANG_ANALYZER_NUMBER_OBJECT_CONVERSION = YES_AGGRESSIVE;
				CLANG_CXX_LANGUAGE_STANDARD = "gnu++17";
				CLANG_ENABLE_MODULES = YES;
				CLANG_ENABLE_OBJC_ARC = YES;
				CLANG_ENABLE_OBJC_WEAK = YES;
				CLANG_WARN_BLOCK_CAPTURE_AUTORELEASING = YES;
				CLANG_WARN_BOOL_CONVERSION = YES;
				CLANG_WARN_COMMA = YES;
				CLANG_WARN_CONSTANT_CONVERSION = YES;
				CLANG_WARN_DEPRECATED_OBJC_IMPLEMENTATIONS = YES;
				CLANG_WARN_DIRECT_OBJC_ISA_USAGE = YES_ERROR;
				CLANG_WARN_DOCUMENTATION_COMMENTS = YES;
				CLANG_WARN_EMPTY_BODY = YES;
				CLANG_WARN_ENUM_CONVERSION = YES;
				CLANG_WARN_INFINITE_RECURSION = YES;
				CLANG_WARN_INT_CONVERSION = YES;
				CLANG_WARN_NON_LITERAL_NULL_CONVERSION = YES;
				CLANG_WARN_OBJC_IMPLICIT_RETAIN_SELF = YES;
				CLANG_WARN_OBJC_LITERAL_CONVERSION = YES;
				CLANG_WARN_OBJC_ROOT_CLASS = YES_ERROR;
				CLANG_WARN_QUOTED_INCLUDE_IN_FRAMEWORK_HEADER = YES;
				CLANG_WARN_RANGE_LOOP_ANALYSIS = YES;
				CLANG_WARN_STRICT_PROTOTYPES = YES;
				CLANG_WARN_SUSPICIOUS_MOVE = YES;
				CLANG_WARN_UNGUARDED_AVAILABILITY = YES_AGGRESSIVE;
				CLANG_WARN_UNREACHABLE_CODE = YES;
				CLANG_WARN__DUPLICATE_METHOD_MATCH = YES;
				COPY_PHASE_STRIP = NO;
				DEBUG_INFORMATION_FORMAT = "dwarf-with-dsym";
				ENABLE_NS_ASSERTIONS = NO;
				ENABLE_STRICT_OBJC_MSGSEND = YES;
				GCC_C_LANGUAGE_STANDARD = gnu11;
				GCC_NO_COMMON_BLOCKS = YES;
				GCC_WARN_64_TO_32_BIT_CONVERSION = YES;
				GCC_WARN_ABOUT_RETURN_TYPE = YES_ERROR;
				GCC_WARN_UNDECLARED_SELECTOR = YES;
				GCC_WARN_UNINITIALIZED_AUTOS = YES_AGGRESSIVE;
				GCC_WARN_UNUSED_FUNCTION = YES;
				GCC_WARN_UNUSED_VARIABLE = YES;
				IPHONEOS_DEPLOYMENT_TARGET = 15.4;
				MTL_ENABLE_DEBUG_INFO = NO;
				MTL_FAST_MATH = YES;
				SDKROOT = iphoneos;
				SWIFT_COMPILATION_MODE = wholemodule;
				SWIFT_OPTIMIZATION_LEVEL = "-O";
				VALIDATE_PRODUCT = YES;
			};
			name = Release;
		};
		6F964FCF280B9752008925D7 /* Debug */ = {
			isa = XCBuildConfiguration;
			buildSettings = {
				ASSETCATALOG_COMPILER_APPICON_NAME = AppIcon;
				ASSETCATALOG_COMPILER_GLOBAL_ACCENT_COLOR_NAME = AccentColor;
				CODE_SIGN_STYLE = Automatic;
				CURRENT_PROJECT_VERSION = 1;
				DEVELOPMENT_ASSET_PATHS = "\"Linting/Preview Content\"";
				DEVELOPMENT_TEAM = U4R9TJ5FN4;
				ENABLE_PREVIEWS = YES;
				GENERATE_INFOPLIST_FILE = YES;
				INFOPLIST_KEY_UIApplicationSceneManifest_Generation = YES;
				INFOPLIST_KEY_UIApplicationSupportsIndirectInputEvents = YES;
				INFOPLIST_KEY_UILaunchScreen_Generation = YES;
				INFOPLIST_KEY_UISupportedInterfaceOrientations_iPad = "UIInterfaceOrientationPortrait UIInterfaceOrientationPortraitUpsideDown UIInterfaceOrientationLandscapeLeft UIInterfaceOrientationLandscapeRight";
				INFOPLIST_KEY_UISupportedInterfaceOrientations_iPhone = "UIInterfaceOrientationPortrait UIInterfaceOrientationLandscapeLeft UIInterfaceOrientationLandscapeRight";
				LD_RUNPATH_SEARCH_PATHS = (
					"$(inherited)",
					"@executable_path/Frameworks",
				);
				MARKETING_VERSION = 1.0;
				PRODUCT_BUNDLE_IDENTIFIER = ETH.Pharms.Linting;
				PRODUCT_NAME = "$(TARGET_NAME)";
				SWIFT_EMIT_LOC_STRINGS = YES;
				SWIFT_VERSION = 5.0;
				TARGETED_DEVICE_FAMILY = "1,2";
			};
			name = Debug;
		};
		6F964FD0280B9752008925D7 /* Release */ = {
			isa = XCBuildConfiguration;
			buildSettings = {
				ASSETCATALOG_COMPILER_APPICON_NAME = AppIcon;
				ASSETCATALOG_COMPILER_GLOBAL_ACCENT_COLOR_NAME = AccentColor;
				CODE_SIGN_STYLE = Automatic;
				CURRENT_PROJECT_VERSION = 1;
				DEVELOPMENT_ASSET_PATHS = "\"Linting/Preview Content\"";
				DEVELOPMENT_TEAM = U4R9TJ5FN4;
				ENABLE_PREVIEWS = YES;
				GENERATE_INFOPLIST_FILE = YES;
				INFOPLIST_KEY_UIApplicationSceneManifest_Generation = YES;
				INFOPLIST_KEY_UIApplicationSupportsIndirectInputEvents = YES;
				INFOPLIST_KEY_UILaunchScreen_Generation = YES;
				INFOPLIST_KEY_UISupportedInterfaceOrientations_iPad = "UIInterfaceOrientationPortrait UIInterfaceOrientationPortraitUpsideDown UIInterfaceOrientationLandscapeLeft UIInterfaceOrientationLandscapeRight";
				INFOPLIST_KEY_UISupportedInterfaceOrientations_iPhone = "UIInterfaceOrientationPortrait UIInterfaceOrientationLandscapeLeft UIInterfaceOrientationLandscapeRight";
				LD_RUNPATH_SEARCH_PATHS = (
					"$(inherited)",
					"@executable_path/Frameworks",
				);
				MARKETING_VERSION = 1.0;
				PRODUCT_BUNDLE_IDENTIFIER = ETH.Pharms.Linting;
				PRODUCT_NAME = "$(TARGET_NAME)";
				SWIFT_EMIT_LOC_STRINGS = YES;
				SWIFT_VERSION = 5.0;
				TARGETED_DEVICE_FAMILY = "1,2";
			};
			name = Release;
		};
/* End XCBuildConfiguration section */

/* Begin XCConfigurationList section */
		6F964FBB280B9751008925D7 /* Build configuration list for PBXProject "Linting" */ = {
			isa = XCConfigurationList;
			buildConfigurations = (
				6F964FCC280B9752008925D7 /* Debug */,
				6F964FCD280B9752008925D7 /* Release */,
			);
			defaultConfigurationIsVisible = 0;
			defaultConfigurationName = Release;
		};
		6F964FCE280B9752008925D7 /* Build configuration list for PBXNativeTarget "Linting" */ = {
			isa = XCConfigurationList;
			buildConfigurations = (
				6F964FCF280B9752008925D7 /* Debug */,
				6F964FD0280B9752008925D7 /* Release */,
			);
			defaultConfigurationIsVisible = 0;
			defaultConfigurationName = Release;
		};
/* End XCConfigurationList section */

/* Begin XCRemoteSwiftPackageReference section */
		6F500B2A280B98AD00125F28 /* XCRemoteSwiftPackageReference "secp256k1.swift" */ = {
			isa = XCRemoteSwiftPackageReference;
			repositoryURL = "https://github.com/GigaBitcoin/secp256k1.swift.git";
			requirement = {
				branch = main;
				kind = branch;
			};
		};
		6F500B30280B9A8200125F28 /* XCRemoteSwiftPackageReference "BigInt" */ = {
			isa = XCRemoteSwiftPackageReference;
			repositoryURL = "https://github.com/attaswift/BigInt.git";
			requirement = {
				branch = master;
				kind = branch;
			};
		};
		6F500B33280B9AE800125F28 /* XCRemoteSwiftPackageReference "CryptoSwift" */ = {
			isa = XCRemoteSwiftPackageReference;
			repositoryURL = "https://github.com/krzyzanowskim/CryptoSwift.git";
			requirement = {
				kind = upToNextMinorVersion;
				minimumVersion = 1.4.0;
			};
		};
		6F500B36280B9C9100125F28 /* XCRemoteSwiftPackageReference "Starscream" */ = {
			isa = XCRemoteSwiftPackageReference;
			repositoryURL = "https://github.com/daltoniam/Starscream.git";
			requirement = {
				kind = upToNextMinorVersion;
				minimumVersion = 4.0.0;
			};
		};
/* End XCRemoteSwiftPackageReference section */

/* Begin XCSwiftPackageProductDependency section */
		6F500B2B280B98AD00125F28 /* secp256k1 */ = {
			isa = XCSwiftPackageProductDependency;
			package = 6F500B2A280B98AD00125F28 /* XCRemoteSwiftPackageReference "secp256k1.swift" */;
			productName = secp256k1;
		};
		6F500B31280B9A8200125F28 /* BigInt */ = {
			isa = XCSwiftPackageProductDependency;
			package = 6F500B30280B9A8200125F28 /* XCRemoteSwiftPackageReference "BigInt" */;
			productName = BigInt;
		};
		6F500B34280B9AE800125F28 /* CryptoSwift */ = {
			isa = XCSwiftPackageProductDependency;
			package = 6F500B33280B9AE800125F28 /* XCRemoteSwiftPackageReference "CryptoSwift" */;
			productName = CryptoSwift;
		};
		6F500B37280B9C9100125F28 /* Starscream */ = {
			isa = XCSwiftPackageProductDependency;
			package = 6F500B36280B9C9100125F28 /* XCRemoteSwiftPackageReference "Starscream" */;
			productName = Starscream;
		};
/* End XCSwiftPackageProductDependency section */
	};
	rootObject = 6F964FB8280B9751008925D7 /* Project object */;
}
