{
  "object": {
    "pins": [
      {
        "package": "PromiseKit",
        "repositoryURL": "https://github.com/mxcl/PromiseKit.git",
        "state": {
          "branch": null,
          "revision": "fe1e9c5b62465227cceb7b0e6e79489ba7b824af",
          "version": "6.8.4"
        }
      }
    ]
  },
  "version": 1
}
